{
  "pins" : [
    {
      "identity" : "finclip-chatkit",
      "kind" : "remoteSourceControl",
      "location" : "https://github.com/Geeksfino/finclip-chatkit.git",
      "state" : {
        "revision" : "a4079d22f08584da6c7e3665583e35b9ecb8d54b",
        "version" : "0.6.5"
      }
    }
  ],
  "version" : 2
}
