PODS:
  - FinClipChatKit (0.9.1)

DEPENDENCIES:
  - FinClipChatKit (from `FinClipChatKit-remote.podspec`)

EXTERNAL SOURCES:
  FinClipChatKit:
    :podspec: FinClipChatKit-remote.podspec

SPEC CHECKSUMS:
  FinClipChatKit: 77690b26d4370b8678b34c71fdfc32b0e8ce64e7

PODFILE CHECKSUM: 091983cbafff7931622199e8a0987059abcc5762

COCOAPODS: 1.16.2
