PODS:
  - FinClipChatKit (0.9.0)

DEPENDENCIES:
  - FinClipChatKit (from `FinClipChatKit-remote.podspec`)

EXTERNAL SOURCES:
  FinClipChatKit:
    :podspec: FinClipChatKit-remote.podspec

SPEC CHECKSUMS:
  FinClipChatKit: bf9d3cde4a573ee2eba332fe144771fb913f0851

PODFILE CHECKSUM: 091983cbafff7931622199e8a0987059abcc5762

COCOAPODS: 1.16.2
