// !$*UTF8*$!
{
	archiveVersion = 1;
	classes = {
	};
	objectVersion = 77;
	objects = {

/* Begin PBXBuildFile section */
		0EC5CAB11CDF9F37CF9A4E1B /* AppDelegate.swift in Sources */ = {isa = PBXBuildFile; fileRef = 43806A7D8BCEF50A6B98AAE0 /* AppDelegate.swift */; };
		0F0E29864F3610452F8689FB /* MainChatViewController.swift in Sources */ = {isa = PBXBuildFile; fileRef = 0C81C84F2A25FE1DC9500CFC /* MainChatViewController.swift */; };
		1B097C0438BFC2FFFC91FC65 /* ComposerToolsExample.swift in Sources */ = {isa = PBXBuildFile; fileRef = B9E088539FA0EA3091236F7E /* ComposerToolsExample.swift */; };
		1E5CBCDFFF374DE9238D7684 /* ChatContextProviders.swift in Sources */ = {isa = PBXBuildFile; fileRef = DAE0D8FFD7BAEF8A01060BFF /* ChatContextProviders.swift */; };
		32F2BD265726A0B607C92F1E /* LocationContextProvider.swift in Sources */ = {isa = PBXBuildFile; fileRef = B0FADFCDA2DCEA1441996423 /* LocationContextProvider.swift */; };
		433B62E6530F3316E0D7DAD8 /* NeuronKit in Frameworks */ = {isa = PBXBuildFile; productRef = 8BB662629D2BA2A80082EBDF /* NeuronKit */; };
		6A5D696B52E702AFD93CB0E0 /* FinClipChatKit in Frameworks */ = {isa = PBXBuildFile; productRef = 83D48593673899B6316E3C81 /* FinClipChatKit */; };
		74C0EC8150A8042ACBBB674F /* DrawerContainerViewController.swift in Sources */ = {isa = PBXBuildFile; fileRef = BB5E3C6E2EA2B5AB64032294 /* DrawerContainerViewController.swift */; };
		853AEAB5D90061867533F8EA /* CalendarContextProvider.swift in Sources */ = {isa = PBXBuildFile; fileRef = 5B55CE32D188C3D3ACA8848A /* CalendarContextProvider.swift */; };
		88439F5AF35AB72A3C8B41B8 /* DrawerViewController.swift in Sources */ = {isa = PBXBuildFile; fileRef = 6890E4CE4AEDA796E7773FC0 /* DrawerViewController.swift */; };
		A1CA7AEC3DDCF698B5AF0414 /* LocalizationHelper.swift in Sources */ = {isa = PBXBuildFile; fileRef = D6BCCFF9C83F8F22211BD887 /* LocalizationHelper.swift */; };
		A4915021EFDC8CE7FE077FF4 /* ConvoUI in Frameworks */ = {isa = PBXBuildFile; productRef = FB4A5FA9838E4F3DE017B36D /* ConvoUI */; };
		C7553EE507B1C3D9CF966448 /* convstorelib in Frameworks */ = {isa = PBXBuildFile; productRef = 168ECEB0811BAD3171A9D8DE /* convstorelib */; };
		CCFA0A4216DF715CA14AD9B3 /* AppConfig.swift in Sources */ = {isa = PBXBuildFile; fileRef = B3AE09628904B945EFC17DBD /* AppConfig.swift */; };
		ED941FDC7C61FDD353D1A173 /* ChatViewController.swift in Sources */ = {isa = PBXBuildFile; fileRef = 62D8E7F8E7B87E199583C0AF /* ChatViewController.swift */; };
		EDC396094A417E2FEEE43230 /* SandboxSDK in Frameworks */ = {isa = PBXBuildFile; productRef = C2F0A4AF6FD5CF0C4C5CB225 /* SandboxSDK */; };
		EDFC1AC98BDDF1F3AFF9C05C /* SceneDelegate.swift in Sources */ = {isa = PBXBuildFile; fileRef = D4D4304A358B28D0439FF850 /* SceneDelegate.swift */; };
/* End PBXBuildFile section */

/* Begin PBXFileReference section */
		0C81C84F2A25FE1DC9500CFC /* MainChatViewController.swift */ = {isa = PBXFileReference; lastKnownFileType = sourcecode.swift; path = MainChatViewController.swift; sourceTree = "<group>"; };
		43806A7D8BCEF50A6B98AAE0 /* AppDelegate.swift */ = {isa = PBXFileReference; lastKnownFileType = sourcecode.swift; path = AppDelegate.swift; sourceTree = "<group>"; };
		5B55CE32D188C3D3ACA8848A /* CalendarContextProvider.swift */ = {isa = PBXFileReference; lastKnownFileType = sourcecode.swift; path = CalendarContextProvider.swift; sourceTree = "<group>"; };
		62D8E7F8E7B87E199583C0AF /* ChatViewController.swift */ = {isa = PBXFileReference; lastKnownFileType = sourcecode.swift; path = ChatViewController.swift; sourceTree = "<group>"; };
		6890E4CE4AEDA796E7773FC0 /* DrawerViewController.swift */ = {isa = PBXFileReference; lastKnownFileType = sourcecode.swift; path = DrawerViewController.swift; sourceTree = "<group>"; };
		90B5AA543F70FE00E1D0FAAC /* Simple.app */ = {isa = PBXFileReference; includeInIndex = 0; lastKnownFileType = wrapper.application; path = Simple.app; sourceTree = BUILT_PRODUCTS_DIR; };
		B085964268F6233FFAB68DA4 /* Info.plist */ = {isa = PBXFileReference; lastKnownFileType = text.plist; path = Info.plist; sourceTree = "<group>"; };
		B0FADFCDA2DCEA1441996423 /* LocationContextProvider.swift */ = {isa = PBXFileReference; lastKnownFileType = sourcecode.swift; path = LocationContextProvider.swift; sourceTree = "<group>"; };
		B3AE09628904B945EFC17DBD /* AppConfig.swift */ = {isa = PBXFileReference; lastKnownFileType = sourcecode.swift; path = AppConfig.swift; sourceTree = "<group>"; };
		B9E088539FA0EA3091236F7E /* ComposerToolsExample.swift */ = {isa = PBXFileReference; lastKnownFileType = sourcecode.swift; path = ComposerToolsExample.swift; sourceTree = "<group>"; };
		BB5E3C6E2EA2B5AB64032294 /* DrawerContainerViewController.swift */ = {isa = PBXFileReference; lastKnownFileType = sourcecode.swift; path = DrawerContainerViewController.swift; sourceTree = "<group>"; };
		D4D4304A358B28D0439FF850 /* SceneDelegate.swift */ = {isa = PBXFileReference; lastKnownFileType = sourcecode.swift; path = SceneDelegate.swift; sourceTree = "<group>"; };
		D6BCCFF9C83F8F22211BD887 /* LocalizationHelper.swift */ = {isa = PBXFileReference; lastKnownFileType = sourcecode.swift; path = LocalizationHelper.swift; sourceTree = "<group>"; };
		DAE0D8FFD7BAEF8A01060BFF /* ChatContextProviders.swift */ = {isa = PBXFileReference; lastKnownFileType = sourcecode.swift; path = ChatContextProviders.swift; sourceTree = "<group>"; };
/* End PBXFileReference section */

/* Begin PBXFrameworksBuildPhase section */
		FF1BB5D4080F882B00F01454 /* Frameworks */ = {
			isa = PBXFrameworksBuildPhase;
			buildActionMask = 2147483647;
			files = (
				6A5D696B52E702AFD93CB0E0 /* FinClipChatKit in Frameworks */,
				433B62E6530F3316E0D7DAD8 /* NeuronKit in Frameworks */,
				EDC396094A417E2FEEE43230 /* SandboxSDK in Frameworks */,
				C7553EE507B1C3D9CF966448 /* convstorelib in Frameworks */,
				A4915021EFDC8CE7FE077FF4 /* ConvoUI in Frameworks */,
			);
			runOnlyForDeploymentPostprocessing = 0;
		};
/* End PBXFrameworksBuildPhase section */

/* Begin PBXGroup section */
		5101BE636B2D677899587A3E /* Products */ = {
			isa = PBXGroup;
			children = (
				90B5AA543F70FE00E1D0FAAC /* Simple.app */,
			);
			name = Products;
			sourceTree = "<group>";
		};
		8BF9794FBB686733BEEB46BE /* Extensions */ = {
			isa = PBXGroup;
			children = (
				5B55CE32D188C3D3ACA8848A /* CalendarContextProvider.swift */,
				DAE0D8FFD7BAEF8A01060BFF /* ChatContextProviders.swift */,
				B0FADFCDA2DCEA1441996423 /* LocationContextProvider.swift */,
			);
			name = Extensions;
			path = App/Extensions;
			sourceTree = "<group>";
		};
		D4C1BFDD250C0E4B164C9BD7 /* ViewControllers */ = {
			isa = PBXGroup;
			children = (
				62D8E7F8E7B87E199583C0AF /* ChatViewController.swift */,
				BB5E3C6E2EA2B5AB64032294 /* DrawerContainerViewController.swift */,
				6890E4CE4AEDA796E7773FC0 /* DrawerViewController.swift */,
				0C81C84F2A25FE1DC9500CFC /* MainChatViewController.swift */,
			);
			name = ViewControllers;
			path = App/ViewControllers;
			sourceTree = "<group>";
		};
		F9CDF0E49281BBCE7229EA18 = {
			isa = PBXGroup;
			children = (
				FA79B641149CC13BE989BAD5 /* App */,
				8BF9794FBB686733BEEB46BE /* Extensions */,
				D4C1BFDD250C0E4B164C9BD7 /* ViewControllers */,
				5101BE636B2D677899587A3E /* Products */,
			);
			sourceTree = "<group>";
		};
		FA79B641149CC13BE989BAD5 /* App */ = {
			isa = PBXGroup;
			children = (
				B3AE09628904B945EFC17DBD /* AppConfig.swift */,
				43806A7D8BCEF50A6B98AAE0 /* AppDelegate.swift */,
				B9E088539FA0EA3091236F7E /* ComposerToolsExample.swift */,
				B085964268F6233FFAB68DA4 /* Info.plist */,
				D6BCCFF9C83F8F22211BD887 /* LocalizationHelper.swift */,
				D4D4304A358B28D0439FF850 /* SceneDelegate.swift */,
			);
			name = App;
			path = App/App;
			sourceTree = "<group>";
		};
/* End PBXGroup section */

/* Begin PBXNativeTarget section */
		AD4B8FA4E5F45F76B11EB734 /* Simple */ = {
			isa = PBXNativeTarget;
			buildConfigurationList = 3758544963ECA4F91C409B33 /* Build configuration list for PBXNativeTarget "Simple" */;
			buildPhases = (
				BCA9457679BF60740C638B7B /* Sources */,
				FF1BB5D4080F882B00F01454 /* Frameworks */,
			);
			buildRules = (
			);
			dependencies = (
			);
			name = Simple;
			packageProductDependencies = (
				83D48593673899B6316E3C81 /* FinClipChatKit */,
				8BB662629D2BA2A80082EBDF /* NeuronKit */,
				C2F0A4AF6FD5CF0C4C5CB225 /* SandboxSDK */,
				168ECEB0811BAD3171A9D8DE /* convstorelib */,
				FB4A5FA9838E4F3DE017B36D /* ConvoUI */,
			);
			productName = Simple;
			productReference = 90B5AA543F70FE00E1D0FAAC /* Simple.app */;
			productType = "com.apple.product-type.application";
		};
/* End PBXNativeTarget section */

/* Begin PBXProject section */
		700246FA8A81A99FB7176131 /* Project object */ = {
			isa = PBXProject;
			attributes = {
				BuildIndependentTargetsInParallel = YES;
				LastUpgradeCheck = 1430;
			};
			buildConfigurationList = 5947979EB606AFC2E8EF79EA /* Build configuration list for PBXProject "Simple" */;
			compatibilityVersion = "Xcode 14.0";
			developmentRegion = en;
			hasScannedForEncodings = 0;
			knownRegions = (
				Base,
				en,
			);
			mainGroup = F9CDF0E49281BBCE7229EA18;
			minimizedProjectReferenceProxies = 1;
			packageReferences = (
				5CFE8088C58BF7576778A9BB /* XCRemoteSwiftPackageReference "finclip-chatkit" */,
				DA61A0BF97F56E4FB05009A4 /* XCRemoteSwiftPackageReference "finclip-neuron" */,
			);
			preferredProjectObjectVersion = 77;
			projectDirPath = "";
			projectRoot = "";
			targets = (
				AD4B8FA4E5F45F76B11EB734 /* Simple */,
			);
		};
/* End PBXProject section */

/* Begin PBXSourcesBuildPhase section */
		BCA9457679BF60740C638B7B /* Sources */ = {
			isa = PBXSourcesBuildPhase;
			buildActionMask = 2147483647;
			files = (
				CCFA0A4216DF715CA14AD9B3 /* AppConfig.swift in Sources */,
				0EC5CAB11CDF9F37CF9A4E1B /* AppDelegate.swift in Sources */,
				853AEAB5D90061867533F8EA /* CalendarContextProvider.swift in Sources */,
				1E5CBCDFFF374DE9238D7684 /* ChatContextProviders.swift in Sources */,
				ED941FDC7C61FDD353D1A173 /* ChatViewController.swift in Sources */,
				1B097C0438BFC2FFFC91FC65 /* ComposerToolsExample.swift in Sources */,
				74C0EC8150A8042ACBBB674F /* DrawerContainerViewController.swift in Sources */,
				88439F5AF35AB72A3C8B41B8 /* DrawerViewController.swift in Sources */,
				A1CA7AEC3DDCF698B5AF0414 /* LocalizationHelper.swift in Sources */,
				32F2BD265726A0B607C92F1E /* LocationContextProvider.swift in Sources */,
				0F0E29864F3610452F8689FB /* MainChatViewController.swift in Sources */,
				EDFC1AC98BDDF1F3AFF9C05C /* SceneDelegate.swift in Sources */,
			);
			runOnlyForDeploymentPostprocessing = 0;
		};
/* End PBXSourcesBuildPhase section */

/* Begin XCBuildConfiguration section */
		07CFD17F1D41F5E284568D09 /* Debug */ = {
			isa = XCBuildConfiguration;
			buildSettings = {
				ALWAYS_SEARCH_USER_PATHS = NO;
				CLANG_ANALYZER_NONNULL = YES;
				CLANG_ANALYZER_NUMBER_OBJECT_CONVERSION = YES_AGGRESSIVE;
				CLANG_CXX_LANGUAGE_STANDARD = "gnu++14";
				CLANG_CXX_LIBRARY = "libc++";
				CLANG_ENABLE_MODULES = YES;
				CLANG_ENABLE_OBJC_ARC = YES;
				CLANG_ENABLE_OBJC_WEAK = YES;
				CLANG_WARN_BLOCK_CAPTURE_AUTORELEASING = YES;
				CLANG_WARN_BOOL_CONVERSION = YES;
				CLANG_WARN_COMMA = YES;
				CLANG_WARN_CONSTANT_CONVERSION = YES;
				CLANG_WARN_DEPRECATED_OBJC_IMPLEMENTATIONS = YES;
				CLANG_WARN_DIRECT_OBJC_ISA_USAGE = YES_ERROR;
				CLANG_WARN_DOCUMENTATION_COMMENTS = YES;
				CLANG_WARN_EMPTY_BODY = YES;
				CLANG_WARN_ENUM_CONVERSION = YES;
				CLANG_WARN_INFINITE_RECURSION = YES;
				CLANG_WARN_INT_CONVERSION = YES;
				CLANG_WARN_NON_LITERAL_NULL_CONVERSION = YES;
				CLANG_WARN_OBJC_IMPLICIT_RETAIN_SELF = YES;
				CLANG_WARN_OBJC_LITERAL_CONVERSION = YES;
				CLANG_WARN_OBJC_ROOT_CLASS = YES_ERROR;
				CLANG_WARN_QUOTED_INCLUDE_IN_FRAMEWORK_HEADER = YES;
				CLANG_WARN_RANGE_LOOP_ANALYSIS = YES;
				CLANG_WARN_STRICT_PROTOTYPES = YES;
				CLANG_WARN_SUSPICIOUS_MOVE = YES;
				CLANG_WARN_UNGUARDED_AVAILABILITY = YES_AGGRESSIVE;
				CLANG_WARN_UNREACHABLE_CODE = YES;
				CLANG_WARN__DUPLICATE_METHOD_MATCH = YES;
				COPY_PHASE_STRIP = NO;
				DEBUG_INFORMATION_FORMAT = dwarf;
				ENABLE_STRICT_OBJC_MSGSEND = YES;
				ENABLE_TESTABILITY = YES;
				GCC_C_LANGUAGE_STANDARD = gnu11;
				GCC_DYNAMIC_NO_PIC = NO;
				GCC_NO_COMMON_BLOCKS = YES;
				GCC_OPTIMIZATION_LEVEL = 0;
				GCC_PREPROCESSOR_DEFINITIONS = (
					"$(inherited)",
					"DEBUG=1",
				);
				GCC_WARN_64_TO_32_BIT_CONVERSION = YES;
				GCC_WARN_ABOUT_RETURN_TYPE = YES_ERROR;
				GCC_WARN_UNDECLARED_SELECTOR = YES;
				GCC_WARN_UNINITIALIZED_AUTOS = YES_AGGRESSIVE;
				GCC_WARN_UNUSED_FUNCTION = YES;
				GCC_WARN_UNUSED_VARIABLE = YES;
				IPHONEOS_DEPLOYMENT_TARGET = 16.0;
				MTL_ENABLE_DEBUG_INFO = INCLUDE_SOURCE;
				MTL_FAST_MATH = YES;
				ONLY_ACTIVE_ARCH = YES;
				PRODUCT_NAME = "$(TARGET_NAME)";
				SDKROOT = iphoneos;
				SWIFT_ACTIVE_COMPILATION_CONDITIONS = DEBUG;
				SWIFT_OPTIMIZATION_LEVEL = "-Onone";
				SWIFT_VERSION = 5.0;
			};
			name = Debug;
		};
		6F823672B1C7CE2FD9B5F14E /* Debug */ = {
			isa = XCBuildConfiguration;
			buildSettings = {
				ASSETCATALOG_COMPILER_APPICON_NAME = AppIcon;
				CODE_SIGN_IDENTITY = "iPhone Developer";
				ENABLE_BITCODE = NO;
				INFOPLIST_FILE = App/App/Info.plist;
				INFOPLIST_KEY_CFBundleDisplayName = Simple;
				LD_RUNPATH_SEARCH_PATHS = (
					"$(inherited)",
					"@executable_path/Frameworks",
				);
				PRODUCT_BUNDLE_IDENTIFIER = com.finclip.chatkit.simple;
				PRODUCT_NAME = Simple;
				SDKROOT = iphoneos;
				TARGETED_DEVICE_FAMILY = "1,2";
			};
			name = Debug;
		};
		8B666C3F98AB461CB0C3A9AE /* Release */ = {
			isa = XCBuildConfiguration;
			buildSettings = {
				ASSETCATALOG_COMPILER_APPICON_NAME = AppIcon;
				CODE_SIGN_IDENTITY = "iPhone Developer";
				ENABLE_BITCODE = NO;
				INFOPLIST_FILE = App/App/Info.plist;
				INFOPLIST_KEY_CFBundleDisplayName = Simple;
				LD_RUNPATH_SEARCH_PATHS = (
					"$(inherited)",
					"@executable_path/Frameworks",
				);
				PRODUCT_BUNDLE_IDENTIFIER = com.finclip.chatkit.simple;
				PRODUCT_NAME = Simple;
				SDKROOT = iphoneos;
				TARGETED_DEVICE_FAMILY = "1,2";
			};
			name = Release;
		};
		9DFC92F2F0E78C825B5C841C /* Release */ = {
			isa = XCBuildConfiguration;
			buildSettings = {
				ALWAYS_SEARCH_USER_PATHS = NO;
				CLANG_ANALYZER_NONNULL = YES;
				CLANG_ANALYZER_NUMBER_OBJECT_CONVERSION = YES_AGGRESSIVE;
				CLANG_CXX_LANGUAGE_STANDARD = "gnu++14";
				CLANG_CXX_LIBRARY = "libc++";
				CLANG_ENABLE_MODULES = YES;
				CLANG_ENABLE_OBJC_ARC = YES;
				CLANG_ENABLE_OBJC_WEAK = YES;
				CLANG_WARN_BLOCK_CAPTURE_AUTORELEASING = YES;
				CLANG_WARN_BOOL_CONVERSION = YES;
				CLANG_WARN_COMMA = YES;
				CLANG_WARN_CONSTANT_CONVERSION = YES;
				CLANG_WARN_DEPRECATED_OBJC_IMPLEMENTATIONS = YES;
				CLANG_WARN_DIRECT_OBJC_ISA_USAGE = YES_ERROR;
				CLANG_WARN_DOCUMENTATION_COMMENTS = YES;
				CLANG_WARN_EMPTY_BODY = YES;
				CLANG_WARN_ENUM_CONVERSION = YES;
				CLANG_WARN_INFINITE_RECURSION = YES;
				CLANG_WARN_INT_CONVERSION = YES;
				CLANG_WARN_NON_LITERAL_NULL_CONVERSION = YES;
				CLANG_WARN_OBJC_IMPLICIT_RETAIN_SELF = YES;
				CLANG_WARN_OBJC_LITERAL_CONVERSION = YES;
				CLANG_WARN_OBJC_ROOT_CLASS = YES_ERROR;
				CLANG_WARN_QUOTED_INCLUDE_IN_FRAMEWORK_HEADER = YES;
				CLANG_WARN_RANGE_LOOP_ANALYSIS = YES;
				CLANG_WARN_STRICT_PROTOTYPES = YES;
				CLANG_WARN_SUSPICIOUS_MOVE = YES;
				CLANG_WARN_UNGUARDED_AVAILABILITY = YES_AGGRESSIVE;
				CLANG_WARN_UNREACHABLE_CODE = YES;
				CLANG_WARN__DUPLICATE_METHOD_MATCH = YES;
				COPY_PHASE_STRIP = NO;
				DEBUG_INFORMATION_FORMAT = "dwarf-with-dsym";
				ENABLE_NS_ASSERTIONS = NO;
				ENABLE_STRICT_OBJC_MSGSEND = YES;
				GCC_C_LANGUAGE_STANDARD = gnu11;
				GCC_NO_COMMON_BLOCKS = YES;
				GCC_WARN_64_TO_32_BIT_CONVERSION = YES;
				GCC_WARN_ABOUT_RETURN_TYPE = YES_ERROR;
				GCC_WARN_UNDECLARED_SELECTOR = YES;
				GCC_WARN_UNINITIALIZED_AUTOS = YES_AGGRESSIVE;
				GCC_WARN_UNUSED_FUNCTION = YES;
				GCC_WARN_UNUSED_VARIABLE = YES;
				IPHONEOS_DEPLOYMENT_TARGET = 16.0;
				MTL_ENABLE_DEBUG_INFO = NO;
				MTL_FAST_MATH = YES;
				PRODUCT_NAME = "$(TARGET_NAME)";
				SDKROOT = iphoneos;
				SWIFT_COMPILATION_MODE = wholemodule;
				SWIFT_OPTIMIZATION_LEVEL = "-O";
				SWIFT_VERSION = 5.0;
			};
			name = Release;
		};
/* End XCBuildConfiguration section */

/* Begin XCConfigurationList section */
		3758544963ECA4F91C409B33 /* Build configuration list for PBXNativeTarget "Simple" */ = {
			isa = XCConfigurationList;
			buildConfigurations = (
				6F823672B1C7CE2FD9B5F14E /* Debug */,
				8B666C3F98AB461CB0C3A9AE /* Release */,
			);
			defaultConfigurationIsVisible = 0;
			defaultConfigurationName = Debug;
		};
		5947979EB606AFC2E8EF79EA /* Build configuration list for PBXProject "Simple" */ = {
			isa = XCConfigurationList;
			buildConfigurations = (
				07CFD17F1D41F5E284568D09 /* Debug */,
				9DFC92F2F0E78C825B5C841C /* Release */,
			);
			defaultConfigurationIsVisible = 0;
			defaultConfigurationName = Debug;
		};
/* End XCConfigurationList section */

/* Begin XCRemoteSwiftPackageReference section */
		5CFE8088C58BF7576778A9BB /* XCRemoteSwiftPackageReference "finclip-chatkit" */ = {
			isa = XCRemoteSwiftPackageReference;
			repositoryURL = "https://github.com/Geeksfino/finclip-chatkit.git";
			requirement = {
				kind = upToNextMajorVersion;
				minimumVersion = 0.7.4;
			};
		};
		DA61A0BF97F56E4FB05009A4 /* XCRemoteSwiftPackageReference "finclip-neuron" */ = {
			isa = XCRemoteSwiftPackageReference;
			repositoryURL = "https://github.com/Geeksfino/finclip-neuron.git";
			requirement = {
				branch = "main-swift6_0";
				kind = branch;
			};
		};
/* End XCRemoteSwiftPackageReference section */

/* Begin XCSwiftPackageProductDependency section */
		168ECEB0811BAD3171A9D8DE /* convstorelib */ = {
			isa = XCSwiftPackageProductDependency;
			package = DA61A0BF97F56E4FB05009A4 /* XCRemoteSwiftPackageReference "finclip-neuron" */;
			productName = convstorelib;
		};
		83D48593673899B6316E3C81 /* FinClipChatKit */ = {
			isa = XCSwiftPackageProductDependency;
			package = 5CFE8088C58BF7576778A9BB /* XCRemoteSwiftPackageReference "finclip-chatkit" */;
			productName = FinClipChatKit;
		};
		8BB662629D2BA2A80082EBDF /* NeuronKit */ = {
			isa = XCSwiftPackageProductDependency;
			package = DA61A0BF97F56E4FB05009A4 /* XCRemoteSwiftPackageReference "finclip-neuron" */;
			productName = NeuronKit;
		};
		C2F0A4AF6FD5CF0C4C5CB225 /* SandboxSDK */ = {
			isa = XCSwiftPackageProductDependency;
			package = DA61A0BF97F56E4FB05009A4 /* XCRemoteSwiftPackageReference "finclip-neuron" */;
			productName = SandboxSDK;
		};
		FB4A5FA9838E4F3DE017B36D /* ConvoUI */ = {
			isa = XCSwiftPackageProductDependency;
			package = DA61A0BF97F56E4FB05009A4 /* XCRemoteSwiftPackageReference "finclip-neuron" */;
			productName = ConvoUI;
		};
/* End XCSwiftPackageProductDependency section */
	};
	rootObject = 700246FA8A81A99FB7176131 /* Project object */;
}
