// !$*UTF8*$!
{
	archiveVersion = 1;
	classes = {
	};
	objectVersion = 77;
	objects = {

/* Begin PBXBuildFile section */
		3BAB9ACE51B7FCD443CE7B22 /* Assets.xcassets in Resources */ = {isa = PBXBuildFile; fileRef = 3EBDBBF00F1CC3B87DEBEB35 /* Assets.xcassets */; };
		562B5F4282F32EB9DE81699C /* Pods_SimpleObjC.framework in Frameworks */ = {isa = PBXBuildFile; fileRef = C6519BC4B24C9A01EF5EA3AF /* Pods_SimpleObjC.framework */; };
		5A3D1EDE2CA8BD0FF5B7BA6D /* LaunchScreen.storyboard in Resources */ = {isa = PBXBuildFile; fileRef = D2888DCB4D8E9C972AA7455A /* LaunchScreen.storyboard */; };
		5A3D23AA6290595C1A5D3165 /* AppDelegate.m in Sources */ = {isa = PBXBuildFile; fileRef = 9A750D14341E9AEE7F203FF5 /* AppDelegate.m */; };
		B376455D8FDEC2E17AA836B8 /* ConversationListViewController.m in Sources */ = {isa = PBXBuildFile; fileRef = AF1610C8E696E0196497E49B /* ConversationListViewController.m */; };
		B517C9F8B4346BC094B06BD7 /* ChatViewController.m in Sources */ = {isa = PBXBuildFile; fileRef = 16D56F8C6FFDC5A96EC5DCED /* ChatViewController.m */; };
		D1EF153366733E699AD850FE /* SceneDelegate.m in Sources */ = {isa = PBXBuildFile; fileRef = 82E33F624593CE528F406222 /* SceneDelegate.m */; };
		EB6FD90EE98F3747E2812014 /* main.m in Sources */ = {isa = PBXBuildFile; fileRef = 19FC6DB87C94C3A6954DC2E1 /* main.m */; };
/* End PBXBuildFile section */

/* Begin PBXFileReference section */
		16D56F8C6FFDC5A96EC5DCED /* ChatViewController.m */ = {isa = PBXFileReference; lastKnownFileType = sourcecode.c.objc; path = ChatViewController.m; sourceTree = "<group>"; };
		19FC6DB87C94C3A6954DC2E1 /* main.m */ = {isa = PBXFileReference; lastKnownFileType = sourcecode.c.objc; path = main.m; sourceTree = "<group>"; };
		3EBDBBF00F1CC3B87DEBEB35 /* Assets.xcassets */ = {isa = PBXFileReference; lastKnownFileType = folder.assetcatalog; path = Assets.xcassets; sourceTree = "<group>"; };
		606532D85361CBD6014858C8 /* ConversationListViewController.h */ = {isa = PBXFileReference; lastKnownFileType = sourcecode.c.h; path = ConversationListViewController.h; sourceTree = "<group>"; };
		60FEA79275FC6B48F6017B1C /* SimpleObjC.app */ = {isa = PBXFileReference; includeInIndex = 0; lastKnownFileType = wrapper.application; path = SimpleObjC.app; sourceTree = BUILT_PRODUCTS_DIR; };
		64CF903F67674B6A543D9F5C /* SceneDelegate.h */ = {isa = PBXFileReference; lastKnownFileType = sourcecode.c.h; path = SceneDelegate.h; sourceTree = "<group>"; };
		701EFCDCCF51B1DA1075ED1C /* Pods-SimpleObjC.release.xcconfig */ = {isa = PBXFileReference; includeInIndex = 1; lastKnownFileType = text.xcconfig; name = "Pods-SimpleObjC.release.xcconfig"; path = "Target Support Files/Pods-SimpleObjC/Pods-SimpleObjC.release.xcconfig"; sourceTree = "<group>"; };
		799671B1E6F4F885E5105A19 /* Base */ = {isa = PBXFileReference; lastKnownFileType = file.storyboard; name = Base; path = Base.lproj/LaunchScreen.storyboard; sourceTree = "<group>"; };
		79E36A951C326EC6DFD7D2BA /* AppDelegate.h */ = {isa = PBXFileReference; lastKnownFileType = sourcecode.c.h; path = AppDelegate.h; sourceTree = "<group>"; };
		82E33F624593CE528F406222 /* SceneDelegate.m */ = {isa = PBXFileReference; lastKnownFileType = sourcecode.c.objc; path = SceneDelegate.m; sourceTree = "<group>"; };
		9A750D14341E9AEE7F203FF5 /* AppDelegate.m */ = {isa = PBXFileReference; lastKnownFileType = sourcecode.c.objc; path = AppDelegate.m; sourceTree = "<group>"; };
		AD0A97D77528EE614C1B2BBC /* Info.plist */ = {isa = PBXFileReference; lastKnownFileType = text.plist; path = Info.plist; sourceTree = "<group>"; };
		AF1610C8E696E0196497E49B /* ConversationListViewController.m */ = {isa = PBXFileReference; lastKnownFileType = sourcecode.c.objc; path = ConversationListViewController.m; sourceTree = "<group>"; };
		C0012A3D00D9971AD31808E3 /* Pods-SimpleObjC.debug.xcconfig */ = {isa = PBXFileReference; includeInIndex = 1; lastKnownFileType = text.xcconfig; name = "Pods-SimpleObjC.debug.xcconfig"; path = "Target Support Files/Pods-SimpleObjC/Pods-SimpleObjC.debug.xcconfig"; sourceTree = "<group>"; };
		C6519BC4B24C9A01EF5EA3AF /* Pods_SimpleObjC.framework */ = {isa = PBXFileReference; explicitFileType = wrapper.framework; includeInIndex = 0; path = Pods_SimpleObjC.framework; sourceTree = BUILT_PRODUCTS_DIR; };
		D28DB85E98D0CBCC72EADB95 /* ChatViewController.h */ = {isa = PBXFileReference; lastKnownFileType = sourcecode.c.h; path = ChatViewController.h; sourceTree = "<group>"; };
/* End PBXFileReference section */

/* Begin PBXFrameworksBuildPhase section */
		C0793BAD6FBA4A33CB763E08 /* Frameworks */ = {
			isa = PBXFrameworksBuildPhase;
			buildActionMask = 2147483647;
			files = (
				562B5F4282F32EB9DE81699C /* Pods_SimpleObjC.framework in Frameworks */,
			);
			runOnlyForDeploymentPostprocessing = 0;
		};
/* End PBXFrameworksBuildPhase section */

/* Begin PBXGroup section */
		05F053391A243C1F26E4A6FC /* Products */ = {
			isa = PBXGroup;
			children = (
				60FEA79275FC6B48F6017B1C /* SimpleObjC.app */,
			);
			name = Products;
			sourceTree = "<group>";
		};
		784D73375BE634D5EC354817 /* Pods */ = {
			isa = PBXGroup;
			children = (
				C0012A3D00D9971AD31808E3 /* Pods-SimpleObjC.debug.xcconfig */,
				701EFCDCCF51B1DA1075ED1C /* Pods-SimpleObjC.release.xcconfig */,
			);
			name = Pods;
			path = Pods;
			sourceTree = "<group>";
		};
		9FCD3F5A2398D6DE24C57227 = {
			isa = PBXGroup;
			children = (
				BBAC4E774CE4E355751851C4 /* App */,
				05F053391A243C1F26E4A6FC /* Products */,
				784D73375BE634D5EC354817 /* Pods */,
				F5D4E90DB3F64BD198EE1A08 /* Frameworks */,
			);
			sourceTree = "<group>";
		};
		BBAC4E774CE4E355751851C4 /* App */ = {
			isa = PBXGroup;
			children = (
				79E36A951C326EC6DFD7D2BA /* AppDelegate.h */,
				9A750D14341E9AEE7F203FF5 /* AppDelegate.m */,
				3EBDBBF00F1CC3B87DEBEB35 /* Assets.xcassets */,
				D28DB85E98D0CBCC72EADB95 /* ChatViewController.h */,
				16D56F8C6FFDC5A96EC5DCED /* ChatViewController.m */,
				AD0A97D77528EE614C1B2BBC /* Info.plist */,
				D2888DCB4D8E9C972AA7455A /* LaunchScreen.storyboard */,
				19FC6DB87C94C3A6954DC2E1 /* main.m */,
				64CF903F67674B6A543D9F5C /* SceneDelegate.h */,
				82E33F624593CE528F406222 /* SceneDelegate.m */,
				EF77EF244CFE6149C690C2CD /* ViewControllers */,
			);
			path = App;
			sourceTree = "<group>";
		};
		EF77EF244CFE6149C690C2CD /* ViewControllers */ = {
			isa = PBXGroup;
			children = (
				606532D85361CBD6014858C8 /* ConversationListViewController.h */,
				AF1610C8E696E0196497E49B /* ConversationListViewController.m */,
			);
			path = ViewControllers;
			sourceTree = "<group>";
		};
		F5D4E90DB3F64BD198EE1A08 /* Frameworks */ = {
			isa = PBXGroup;
			children = (
				C6519BC4B24C9A01EF5EA3AF /* Pods_SimpleObjC.framework */,
			);
			name = Frameworks;
			sourceTree = "<group>";
		};
/* End PBXGroup section */

/* Begin PBXNativeTarget section */
		9B53DFFE88D2ECDC46C4A9A6 /* SimpleObjC */ = {
			isa = PBXNativeTarget;
			buildConfigurationList = 3D6656E65CA4F91C6E5EE8B3 /* Build configuration list for PBXNativeTarget "SimpleObjC" */;
			buildPhases = (
				A2E925C33606D20AA993DA27 /* [CP] Check Pods Manifest.lock */,
				0FC5B0223D31A3BE755C243C /* Sources */,
				624342ED76518ED11C6E1245 /* Resources */,
				C0793BAD6FBA4A33CB763E08 /* Frameworks */,
				B581B229FD1CDF8D19B2880A /* [CP] Embed Pods Frameworks */,
			);
			buildRules = (
			);
			dependencies = (
			);
			name = SimpleObjC;
			productName = SimpleObjC;
			productReference = 60FEA79275FC6B48F6017B1C /* SimpleObjC.app */;
			productType = "com.apple.product-type.application";
		};
/* End PBXNativeTarget section */

/* Begin PBXProject section */
		1B8B716FC3DFEE45A2437BAE /* Project object */ = {
			isa = PBXProject;
			attributes = {
				BuildIndependentTargetsInParallel = YES;
				LastUpgradeCheck = 1430;
			};
			buildConfigurationList = E0D642EF60BB3CA95C7D791B /* Build configuration list for PBXProject "SimpleObjC" */;
			compatibilityVersion = "Xcode 14.0";
			developmentRegion = en;
			hasScannedForEncodings = 0;
			knownRegions = (
				Base,
				en,
			);
			mainGroup = 9FCD3F5A2398D6DE24C57227;
			minimizedProjectReferenceProxies = 1;
			preferredProjectObjectVersion = 77;
			productRefGroup = 05F053391A243C1F26E4A6FC /* Products */;
			projectDirPath = "";
			projectRoot = "";
			targets = (
				9B53DFFE88D2ECDC46C4A9A6 /* SimpleObjC */,
			);
		};
/* End PBXProject section */

/* Begin PBXResourcesBuildPhase section */
		624342ED76518ED11C6E1245 /* Resources */ = {
			isa = PBXResourcesBuildPhase;
			buildActionMask = 2147483647;
			files = (
				3BAB9ACE51B7FCD443CE7B22 /* Assets.xcassets in Resources */,
				5A3D1EDE2CA8BD0FF5B7BA6D /* LaunchScreen.storyboard in Resources */,
			);
			runOnlyForDeploymentPostprocessing = 0;
		};
/* End PBXResourcesBuildPhase section */

/* Begin PBXShellScriptBuildPhase section */
		A2E925C33606D20AA993DA27 /* [CP] Check Pods Manifest.lock */ = {
			isa = PBXShellScriptBuildPhase;
			buildActionMask = 2147483647;
			files = (
			);
			inputFileListPaths = (
			);
			inputPaths = (
				"${PODS_PODFILE_DIR_PATH}/Podfile.lock",
				"${PODS_ROOT}/Manifest.lock",
			);
			name = "[CP] Check Pods Manifest.lock";
			outputFileListPaths = (
			);
			outputPaths = (
				"$(DERIVED_FILE_DIR)/Pods-SimpleObjC-checkManifestLockResult.txt",
			);
			runOnlyForDeploymentPostprocessing = 0;
			shellPath = /bin/sh;
			shellScript = "diff \"${PODS_PODFILE_DIR_PATH}/Podfile.lock\" \"${PODS_ROOT}/Manifest.lock\" > /dev/null\nif [ $? != 0 ] ; then\n    # print error to STDERR\n    echo \"error: The sandbox is not in sync with the Podfile.lock. Run 'pod install' or update your CocoaPods installation.\" >&2\n    exit 1\nfi\n# This output is used by Xcode 'outputs' to avoid re-running this script phase.\necho \"SUCCESS\" > \"${SCRIPT_OUTPUT_FILE_0}\"\n";
			showEnvVarsInLog = 0;
		};
		B581B229FD1CDF8D19B2880A /* [CP] Embed Pods Frameworks */ = {
			isa = PBXShellScriptBuildPhase;
			buildActionMask = 2147483647;
			files = (
			);
			inputFileListPaths = (
				"${PODS_ROOT}/Target Support Files/Pods-SimpleObjC/Pods-SimpleObjC-frameworks-${CONFIGURATION}-input-files.xcfilelist",
			);
			name = "[CP] Embed Pods Frameworks";
			outputFileListPaths = (
				"${PODS_ROOT}/Target Support Files/Pods-SimpleObjC/Pods-SimpleObjC-frameworks-${CONFIGURATION}-output-files.xcfilelist",
			);
			runOnlyForDeploymentPostprocessing = 0;
			shellPath = /bin/sh;
			shellScript = "\"${PODS_ROOT}/Target Support Files/Pods-SimpleObjC/Pods-SimpleObjC-frameworks.sh\"\n";
			showEnvVarsInLog = 0;
		};
/* End PBXShellScriptBuildPhase section */

/* Begin PBXSourcesBuildPhase section */
		0FC5B0223D31A3BE755C243C /* Sources */ = {
			isa = PBXSourcesBuildPhase;
			buildActionMask = 2147483647;
			files = (
				5A3D23AA6290595C1A5D3165 /* AppDelegate.m in Sources */,
				B517C9F8B4346BC094B06BD7 /* ChatViewController.m in Sources */,
				B376455D8FDEC2E17AA836B8 /* ConversationListViewController.m in Sources */,
				D1EF153366733E699AD850FE /* SceneDelegate.m in Sources */,
				EB6FD90EE98F3747E2812014 /* main.m in Sources */,
			);
			runOnlyForDeploymentPostprocessing = 0;
		};
/* End PBXSourcesBuildPhase section */

/* Begin PBXVariantGroup section */
		D2888DCB4D8E9C972AA7455A /* LaunchScreen.storyboard */ = {
			isa = PBXVariantGroup;
			children = (
				799671B1E6F4F885E5105A19 /* Base */,
			);
			name = LaunchScreen.storyboard;
			sourceTree = "<group>";
		};
/* End PBXVariantGroup section */

/* Begin XCBuildConfiguration section */
		2756AA0103E4C724136A0B4F /* Debug */ = {
			isa = XCBuildConfiguration;
			buildSettings = {
				ALWAYS_SEARCH_USER_PATHS = NO;
				CLANG_ANALYZER_NONNULL = YES;
				CLANG_ANALYZER_NUMBER_OBJECT_CONVERSION = YES_AGGRESSIVE;
				CLANG_CXX_LANGUAGE_STANDARD = "gnu++14";
				CLANG_CXX_LIBRARY = "libc++";
				CLANG_ENABLE_MODULES = YES;
				CLANG_ENABLE_OBJC_ARC = YES;
				CLANG_ENABLE_OBJC_WEAK = YES;
				CLANG_WARN_BLOCK_CAPTURE_AUTORELEASING = YES;
				CLANG_WARN_BOOL_CONVERSION = YES;
				CLANG_WARN_COMMA = YES;
				CLANG_WARN_CONSTANT_CONVERSION = YES;
				CLANG_WARN_DEPRECATED_OBJC_IMPLEMENTATIONS = YES;
				CLANG_WARN_DIRECT_OBJC_ISA_USAGE = YES_ERROR;
				CLANG_WARN_DOCUMENTATION_COMMENTS = YES;
				CLANG_WARN_EMPTY_BODY = YES;
				CLANG_WARN_ENUM_CONVERSION = YES;
				CLANG_WARN_INFINITE_RECURSION = YES;
				CLANG_WARN_INT_CONVERSION = YES;
				CLANG_WARN_NON_LITERAL_NULL_CONVERSION = YES;
				CLANG_WARN_OBJC_IMPLICIT_RETAIN_SELF = YES;
				CLANG_WARN_OBJC_LITERAL_CONVERSION = YES;
				CLANG_WARN_OBJC_ROOT_CLASS = YES_ERROR;
				CLANG_WARN_QUOTED_INCLUDE_IN_FRAMEWORK_HEADER = YES;
				CLANG_WARN_RANGE_LOOP_ANALYSIS = YES;
				CLANG_WARN_STRICT_PROTOTYPES = YES;
				CLANG_WARN_SUSPICIOUS_MOVE = YES;
				CLANG_WARN_UNGUARDED_AVAILABILITY = YES_AGGRESSIVE;
				CLANG_WARN_UNREACHABLE_CODE = YES;
				CLANG_WARN__DUPLICATE_METHOD_MATCH = YES;
				COPY_PHASE_STRIP = NO;
				DEBUG_INFORMATION_FORMAT = dwarf;
				ENABLE_STRICT_OBJC_MSGSEND = YES;
				ENABLE_TESTABILITY = YES;
				GCC_C_LANGUAGE_STANDARD = gnu11;
				GCC_DYNAMIC_NO_PIC = NO;
				GCC_NO_COMMON_BLOCKS = YES;
				GCC_OPTIMIZATION_LEVEL = 0;
				GCC_PREPROCESSOR_DEFINITIONS = (
					"$(inherited)",
					"DEBUG=1",
				);
				GCC_WARN_64_TO_32_BIT_CONVERSION = YES;
				GCC_WARN_ABOUT_RETURN_TYPE = YES_ERROR;
				GCC_WARN_UNDECLARED_SELECTOR = YES;
				GCC_WARN_UNINITIALIZED_AUTOS = YES_AGGRESSIVE;
				GCC_WARN_UNUSED_FUNCTION = YES;
				GCC_WARN_UNUSED_VARIABLE = YES;
				IPHONEOS_DEPLOYMENT_TARGET = 16.0;
				MTL_ENABLE_DEBUG_INFO = INCLUDE_SOURCE;
				MTL_FAST_MATH = YES;
				ONLY_ACTIVE_ARCH = YES;
				PRODUCT_NAME = "$(TARGET_NAME)";
				SDKROOT = iphoneos;
				SWIFT_ACTIVE_COMPILATION_CONDITIONS = DEBUG;
				SWIFT_OPTIMIZATION_LEVEL = "-Onone";
				SWIFT_VERSION = 5.0;
			};
			name = Debug;
		};
		5F4B2EBE3366BD6EABDC1604 /* Release */ = {
			isa = XCBuildConfiguration;
			baseConfigurationReference = 701EFCDCCF51B1DA1075ED1C /* Pods-SimpleObjC.release.xcconfig */;
			buildSettings = {
				ASSETCATALOG_COMPILER_APPICON_NAME = AppIcon;
				CLANG_ENABLE_MODULES = YES;
				CODE_SIGN_IDENTITY = "iPhone Developer";
				ENABLE_BITCODE = NO;
				FRAMEWORK_SEARCH_PATHS = (
					"$(inherited)",
					"$(BUILT_PRODUCTS_DIR)",
					"$(PODS_CONFIGURATION_BUILD_DIR)",
				);
				INFOPLIST_FILE = App/Info.plist;
				INFOPLIST_KEY_CFBundleDisplayName = SimpleObjC;
				LD_RUNPATH_SEARCH_PATHS = (
					"$(inherited)",
					"@executable_path/Frameworks",
				);
				PRODUCT_BUNDLE_IDENTIFIER = com.finclip.chatkit.simpleobjc;
				PRODUCT_NAME = SimpleObjC;
				SDKROOT = iphoneos;
				SWIFT_VERSION = 6.0;
				TARGETED_DEVICE_FAMILY = "1,2";
			};
			name = Release;
		};
		A67DC173BF6A36AAEDF0E7BB /* Debug */ = {
			isa = XCBuildConfiguration;
			baseConfigurationReference = C0012A3D00D9971AD31808E3 /* Pods-SimpleObjC.debug.xcconfig */;
			buildSettings = {
				ASSETCATALOG_COMPILER_APPICON_NAME = AppIcon;
				CLANG_ENABLE_MODULES = YES;
				CODE_SIGN_IDENTITY = "iPhone Developer";
				ENABLE_BITCODE = NO;
				FRAMEWORK_SEARCH_PATHS = (
					"$(inherited)",
					"$(BUILT_PRODUCTS_DIR)",
					"$(PODS_CONFIGURATION_BUILD_DIR)",
				);
				INFOPLIST_FILE = App/Info.plist;
				INFOPLIST_KEY_CFBundleDisplayName = SimpleObjC;
				LD_RUNPATH_SEARCH_PATHS = (
					"$(inherited)",
					"@executable_path/Frameworks",
				);
				PRODUCT_BUNDLE_IDENTIFIER = com.finclip.chatkit.simpleobjc;
				PRODUCT_NAME = SimpleObjC;
				SDKROOT = iphoneos;
				SWIFT_VERSION = 6.0;
				TARGETED_DEVICE_FAMILY = "1,2";
			};
			name = Debug;
		};
		D30DBAB236B1969E50C35DE5 /* Release */ = {
			isa = XCBuildConfiguration;
			buildSettings = {
				ALWAYS_SEARCH_USER_PATHS = NO;
				CLANG_ANALYZER_NONNULL = YES;
				CLANG_ANALYZER_NUMBER_OBJECT_CONVERSION = YES_AGGRESSIVE;
				CLANG_CXX_LANGUAGE_STANDARD = "gnu++14";
				CLANG_CXX_LIBRARY = "libc++";
				CLANG_ENABLE_MODULES = YES;
				CLANG_ENABLE_OBJC_ARC = YES;
				CLANG_ENABLE_OBJC_WEAK = YES;
				CLANG_WARN_BLOCK_CAPTURE_AUTORELEASING = YES;
				CLANG_WARN_BOOL_CONVERSION = YES;
				CLANG_WARN_COMMA = YES;
				CLANG_WARN_CONSTANT_CONVERSION = YES;
				CLANG_WARN_DEPRECATED_OBJC_IMPLEMENTATIONS = YES;
				CLANG_WARN_DIRECT_OBJC_ISA_USAGE = YES_ERROR;
				CLANG_WARN_DOCUMENTATION_COMMENTS = YES;
				CLANG_WARN_EMPTY_BODY = YES;
				CLANG_WARN_ENUM_CONVERSION = YES;
				CLANG_WARN_INFINITE_RECURSION = YES;
				CLANG_WARN_INT_CONVERSION = YES;
				CLANG_WARN_NON_LITERAL_NULL_CONVERSION = YES;
				CLANG_WARN_OBJC_IMPLICIT_RETAIN_SELF = YES;
				CLANG_WARN_OBJC_LITERAL_CONVERSION = YES;
				CLANG_WARN_OBJC_ROOT_CLASS = YES_ERROR;
				CLANG_WARN_QUOTED_INCLUDE_IN_FRAMEWORK_HEADER = YES;
				CLANG_WARN_RANGE_LOOP_ANALYSIS = YES;
				CLANG_WARN_STRICT_PROTOTYPES = YES;
				CLANG_WARN_SUSPICIOUS_MOVE = YES;
				CLANG_WARN_UNGUARDED_AVAILABILITY = YES_AGGRESSIVE;
				CLANG_WARN_UNREACHABLE_CODE = YES;
				CLANG_WARN__DUPLICATE_METHOD_MATCH = YES;
				COPY_PHASE_STRIP = NO;
				DEBUG_INFORMATION_FORMAT = "dwarf-with-dsym";
				ENABLE_NS_ASSERTIONS = NO;
				ENABLE_STRICT_OBJC_MSGSEND = YES;
				GCC_C_LANGUAGE_STANDARD = gnu11;
				GCC_NO_COMMON_BLOCKS = YES;
				GCC_WARN_64_TO_32_BIT_CONVERSION = YES;
				GCC_WARN_ABOUT_RETURN_TYPE = YES_ERROR;
				GCC_WARN_UNDECLARED_SELECTOR = YES;
				GCC_WARN_UNINITIALIZED_AUTOS = YES_AGGRESSIVE;
				GCC_WARN_UNUSED_FUNCTION = YES;
				GCC_WARN_UNUSED_VARIABLE = YES;
				IPHONEOS_DEPLOYMENT_TARGET = 16.0;
				MTL_ENABLE_DEBUG_INFO = NO;
				MTL_FAST_MATH = YES;
				PRODUCT_NAME = "$(TARGET_NAME)";
				SDKROOT = iphoneos;
				SWIFT_COMPILATION_MODE = wholemodule;
				SWIFT_OPTIMIZATION_LEVEL = "-O";
				SWIFT_VERSION = 5.0;
			};
			name = Release;
		};
/* End XCBuildConfiguration section */

/* Begin XCConfigurationList section */
		3D6656E65CA4F91C6E5EE8B3 /* Build configuration list for PBXNativeTarget "SimpleObjC" */ = {
			isa = XCConfigurationList;
			buildConfigurations = (
				A67DC173BF6A36AAEDF0E7BB /* Debug */,
				5F4B2EBE3366BD6EABDC1604 /* Release */,
			);
			defaultConfigurationIsVisible = 0;
			defaultConfigurationName = Debug;
		};
		E0D642EF60BB3CA95C7D791B /* Build configuration list for PBXProject "SimpleObjC" */ = {
			isa = XCConfigurationList;
			buildConfigurations = (
				2756AA0103E4C724136A0B4F /* Debug */,
				D30DBAB236B1969E50C35DE5 /* Release */,
			);
			defaultConfigurationIsVisible = 0;
			defaultConfigurationName = Debug;
		};
/* End XCConfigurationList section */
	};
	rootObject = 1B8B716FC3DFEE45A2437BAE /* Project object */;
}
