// !$*UTF8*$!
{
	archiveVersion = 1;
	classes = {
	};
	objectVersion = 77;
	objects = {

/* Begin PBXBuildFile section */
		0BA4439F496ECD3939D67836 /* MainChatViewController.swift in Sources */ = {isa = PBXBuildFile; fileRef = 78EB78E45278581A9FF11D36 /* MainChatViewController.swift */; };
		2F15F8D743B79D2B9D74EBE3 /* RuntimeCoordinator.swift in Sources */ = {isa = PBXBuildFile; fileRef = 58E15BB78D480373E1F5C776 /* RuntimeCoordinator.swift */; };
		336253EB07E5A2D6B5549920 /* AgentCatalog.swift in Sources */ = {isa = PBXBuildFile; fileRef = 9A5F43C4602A0AD37B854A32 /* AgentCatalog.swift */; };
		528BE0D2EF055B973014211E /* DrawerViewController.swift in Sources */ = {isa = PBXBuildFile; fileRef = 593104108EDDC926BD729BD6 /* DrawerViewController.swift */; };
		5670430FEE08BB1E4A0FA1FA /* ConversationRecord.swift in Sources */ = {isa = PBXBuildFile; fileRef = 260C7819B5A4D5118F7F5B44 /* ConversationRecord.swift */; };
		626D7277F0133ADFB515B027 /* ChatViewController.swift in Sources */ = {isa = PBXBuildFile; fileRef = 2BA8449C94379FF54E1EC010 /* ChatViewController.swift */; };
		68E8437BCF9BD3BA60899A7B /* AGUIFixtures.swift in Sources */ = {isa = PBXBuildFile; fileRef = B6198321DE964EA20379AB7C /* AGUIFixtures.swift */; };
		7D6925FCD55E574E011F779F /* MockSSEURLProtocol.swift in Sources */ = {isa = PBXBuildFile; fileRef = 2EA6BFF32771EB0C5328EFC2 /* MockSSEURLProtocol.swift */; };
		845C7B853FBAAE78EBAE026A /* SplashViewController.swift in Sources */ = {isa = PBXBuildFile; fileRef = 20B77F96078AD0C5D0712E43 /* SplashViewController.swift */; };
		920AAD19A4A746A821A82421 /* AppDelegate.swift in Sources */ = {isa = PBXBuildFile; fileRef = 714FBF538783438575EFDB95 /* AppDelegate.swift */; };
		A52EB18B4599D529115FE6F2 /* ConversationManager.swift in Sources */ = {isa = PBXBuildFile; fileRef = A143382D7DF52BC1D397714F /* ConversationManager.swift */; };
		BD707728A1155D03178DD560 /* SceneDelegate.swift in Sources */ = {isa = PBXBuildFile; fileRef = 36046FD763B3A1FC14D24E4F /* SceneDelegate.swift */; };
		C9054166EC9F861D8EBE590E /* DrawerContainerViewController.swift in Sources */ = {isa = PBXBuildFile; fileRef = 76FA39347025AEED9F63E1D9 /* DrawerContainerViewController.swift */; };
		E91BB9105E8CF8DA4630C110 /* ConnectionViewController.swift in Sources */ = {isa = PBXBuildFile; fileRef = C35BBA6075FA9DF528172B57 /* ConnectionViewController.swift */; };
		F2ABBEAD8598B8F6F7111A90 /* ChatKit in Frameworks */ = {isa = PBXBuildFile; productRef = B6FB384DC0DF91B2EB341D8C /* ChatKit */; };
		F3E79B04C7289F4EBEC2EC94 /* ConversationListViewController.swift in Sources */ = {isa = PBXBuildFile; fileRef = 531396B43EAF5E5BEF118F4C /* ConversationListViewController.swift */; };
/* End PBXBuildFile section */

/* Begin PBXFileReference section */
		20B77F96078AD0C5D0712E43 /* SplashViewController.swift */ = {isa = PBXFileReference; lastKnownFileType = sourcecode.swift; path = SplashViewController.swift; sourceTree = "<group>"; };
		260C7819B5A4D5118F7F5B44 /* ConversationRecord.swift */ = {isa = PBXFileReference; lastKnownFileType = sourcecode.swift; path = ConversationRecord.swift; sourceTree = "<group>"; };
		2BA8449C94379FF54E1EC010 /* ChatViewController.swift */ = {isa = PBXFileReference; lastKnownFileType = sourcecode.swift; path = ChatViewController.swift; sourceTree = "<group>"; };
		2EA6BFF32771EB0C5328EFC2 /* MockSSEURLProtocol.swift */ = {isa = PBXFileReference; lastKnownFileType = sourcecode.swift; path = MockSSEURLProtocol.swift; sourceTree = "<group>"; };
		36046FD763B3A1FC14D24E4F /* SceneDelegate.swift */ = {isa = PBXFileReference; lastKnownFileType = sourcecode.swift; path = SceneDelegate.swift; sourceTree = "<group>"; };
		531396B43EAF5E5BEF118F4C /* ConversationListViewController.swift */ = {isa = PBXFileReference; lastKnownFileType = sourcecode.swift; path = ConversationListViewController.swift; sourceTree = "<group>"; };
		58E15BB78D480373E1F5C776 /* RuntimeCoordinator.swift */ = {isa = PBXFileReference; lastKnownFileType = sourcecode.swift; path = RuntimeCoordinator.swift; sourceTree = "<group>"; };
		593104108EDDC926BD729BD6 /* DrawerViewController.swift */ = {isa = PBXFileReference; lastKnownFileType = sourcecode.swift; path = DrawerViewController.swift; sourceTree = "<group>"; };
		714FBF538783438575EFDB95 /* AppDelegate.swift */ = {isa = PBXFileReference; lastKnownFileType = sourcecode.swift; path = AppDelegate.swift; sourceTree = "<group>"; };
		76FA39347025AEED9F63E1D9 /* DrawerContainerViewController.swift */ = {isa = PBXFileReference; lastKnownFileType = sourcecode.swift; path = DrawerContainerViewController.swift; sourceTree = "<group>"; };
		78EB78E45278581A9FF11D36 /* MainChatViewController.swift */ = {isa = PBXFileReference; lastKnownFileType = sourcecode.swift; path = MainChatViewController.swift; sourceTree = "<group>"; };
		7F0D004E754FB7134D5C86EE /* Info.plist */ = {isa = PBXFileReference; lastKnownFileType = text.plist; path = Info.plist; sourceTree = "<group>"; };
		848081C7730A17A640BC08DD /* iLoveHK.app */ = {isa = PBXFileReference; includeInIndex = 0; lastKnownFileType = wrapper.application; path = iLoveHK.app; sourceTree = BUILT_PRODUCTS_DIR; };
		9A5F43C4602A0AD37B854A32 /* AgentCatalog.swift */ = {isa = PBXFileReference; lastKnownFileType = sourcecode.swift; path = AgentCatalog.swift; sourceTree = "<group>"; };
		A143382D7DF52BC1D397714F /* ConversationManager.swift */ = {isa = PBXFileReference; lastKnownFileType = sourcecode.swift; path = ConversationManager.swift; sourceTree = "<group>"; };
		B6198321DE964EA20379AB7C /* AGUIFixtures.swift */ = {isa = PBXFileReference; lastKnownFileType = sourcecode.swift; path = AGUIFixtures.swift; sourceTree = "<group>"; };
		C35BBA6075FA9DF528172B57 /* ConnectionViewController.swift */ = {isa = PBXFileReference; lastKnownFileType = sourcecode.swift; path = ConnectionViewController.swift; sourceTree = "<group>"; };
/* End PBXFileReference section */

/* Begin PBXFrameworksBuildPhase section */
		B43C3C087E1F4A44D7626650 /* Frameworks */ = {
			isa = PBXFrameworksBuildPhase;
			buildActionMask = 2147483647;
			files = (
				F2ABBEAD8598B8F6F7111A90 /* ChatKit in Frameworks */,
			);
			runOnlyForDeploymentPostprocessing = 0;
		};
/* End PBXFrameworksBuildPhase section */

/* Begin PBXGroup section */
		0BF0F468B9AA94DD167C42FE /* Models */ = {
			isa = PBXGroup;
			children = (
				9A5F43C4602A0AD37B854A32 /* AgentCatalog.swift */,
				260C7819B5A4D5118F7F5B44 /* ConversationRecord.swift */,
			);
			name = Models;
			path = App/Models;
			sourceTree = "<group>";
		};
		21FB46D2AF41AFA21D8026A3 /* Products */ = {
			isa = PBXGroup;
			children = (
				848081C7730A17A640BC08DD /* iLoveHK.app */,
			);
			name = Products;
			sourceTree = "<group>";
		};
		2CE0288DC951862DC49B98E8 = {
			isa = PBXGroup;
			children = (
				87554626021C8F8B1D671E19 /* App */,
				33AAA86901B0B7969FFFC22A /* Coordinators */,
				0BF0F468B9AA94DD167C42FE /* Models */,
				464657DCDD8CF3C9C6150EA4 /* Network */,
				B0683F7A29DDDBA283529B84 /* ViewControllers */,
				21FB46D2AF41AFA21D8026A3 /* Products */,
			);
			sourceTree = "<group>";
		};
		33AAA86901B0B7969FFFC22A /* Coordinators */ = {
			isa = PBXGroup;
			children = (
				A143382D7DF52BC1D397714F /* ConversationManager.swift */,
				58E15BB78D480373E1F5C776 /* RuntimeCoordinator.swift */,
			);
			name = Coordinators;
			path = App/Coordinators;
			sourceTree = "<group>";
		};
		464657DCDD8CF3C9C6150EA4 /* Network */ = {
			isa = PBXGroup;
			children = (
				B6198321DE964EA20379AB7C /* AGUIFixtures.swift */,
				2EA6BFF32771EB0C5328EFC2 /* MockSSEURLProtocol.swift */,
			);
			name = Network;
			path = App/Network;
			sourceTree = "<group>";
		};
		87554626021C8F8B1D671E19 /* App */ = {
			isa = PBXGroup;
			children = (
				714FBF538783438575EFDB95 /* AppDelegate.swift */,
				7F0D004E754FB7134D5C86EE /* Info.plist */,
				36046FD763B3A1FC14D24E4F /* SceneDelegate.swift */,
			);
			name = App;
			path = App/App;
			sourceTree = "<group>";
		};
		B0683F7A29DDDBA283529B84 /* ViewControllers */ = {
			isa = PBXGroup;
			children = (
				2BA8449C94379FF54E1EC010 /* ChatViewController.swift */,
				C35BBA6075FA9DF528172B57 /* ConnectionViewController.swift */,
				531396B43EAF5E5BEF118F4C /* ConversationListViewController.swift */,
				76FA39347025AEED9F63E1D9 /* DrawerContainerViewController.swift */,
				593104108EDDC926BD729BD6 /* DrawerViewController.swift */,
				78EB78E45278581A9FF11D36 /* MainChatViewController.swift */,
				20B77F96078AD0C5D0712E43 /* SplashViewController.swift */,
			);
			name = ViewControllers;
			path = App/ViewControllers;
			sourceTree = "<group>";
		};
/* End PBXGroup section */

/* Begin PBXNativeTarget section */
		6597F50BDED9ED3C9C52E9C8 /* iLoveHK */ = {
			isa = PBXNativeTarget;
			buildConfigurationList = BECBA97E4C2E8D77C9077697 /* Build configuration list for PBXNativeTarget "iLoveHK" */;
			buildPhases = (
				26165986DDDDD309CB176130 /* Generate App Icons from AppLogo */,
				62B7A30618A116C678988A05 /* Copy Splash Video */,
				A8BA8EE0B7AEE89E37477176 /* Copy AppLogo PNG (runtime fallback) */,
				C68E594EC0D549EBB7600837 /* Sources */,
				B43C3C087E1F4A44D7626650 /* Frameworks */,
				9C1F3B0C33015AC722CFACE0 /* Sign Nested ChatKit Frameworks */,
			);
			buildRules = (
			);
			dependencies = (
			);
			name = iLoveHK;
			packageProductDependencies = (
				B6FB384DC0DF91B2EB341D8C /* ChatKit */,
			);
			productName = iLoveHK;
			productReference = 848081C7730A17A640BC08DD /* iLoveHK.app */;
			productType = "com.apple.product-type.application";
		};
/* End PBXNativeTarget section */

/* Begin PBXProject section */
		A4EBCBFE09BA4DB4045326CC /* Project object */ = {
			isa = PBXProject;
			attributes = {
				BuildIndependentTargetsInParallel = YES;
				LastUpgradeCheck = 1430;
			};
			buildConfigurationList = 61949630504FD901AD6439B4 /* Build configuration list for PBXProject "iLoveHK" */;
			compatibilityVersion = "Xcode 14.0";
			developmentRegion = en;
			hasScannedForEncodings = 0;
			knownRegions = (
				Base,
				en,
			);
			mainGroup = 2CE0288DC951862DC49B98E8;
			minimizedProjectReferenceProxies = 1;
			packageReferences = (
				0337A377D6504E22E55017F2 /* XCRemoteSwiftPackageReference "finclip-chatkit" */,
			);
			preferredProjectObjectVersion = 77;
			projectDirPath = "";
			projectRoot = "";
			targets = (
				6597F50BDED9ED3C9C52E9C8 /* iLoveHK */,
			);
		};
/* End PBXProject section */

/* Begin PBXShellScriptBuildPhase section */
		26165986DDDDD309CB176130 /* Generate App Icons from AppLogo */ = {
			isa = PBXShellScriptBuildPhase;
			buildActionMask = 2147483647;
			files = (
			);
			inputFileListPaths = (
			);
			inputPaths = (
			);
			name = "Generate App Icons from AppLogo";
			outputFileListPaths = (
			);
			outputPaths = (
			);
			runOnlyForDeploymentPostprocessing = 0;
			shellPath = /bin/sh;
			shellScript = "set -euo pipefail\nICONSET_DIR=\"${PROJECT_DIR}/App/Resources/Assets.xcassets/AppIcon.appiconset\"\nSRC_LOGO=\"${ICONSET_DIR}/AppLogo.png\"\nif [ ! -f \"${SRC_LOGO}\" ]; then\n  echo \"❌ Source logo not found: ${SRC_LOGO}\"\n  exit 0\nfi\ncommand -v sips >/dev/null 2>&1 || { echo \"❌ 'sips' not found\"; exit 0; }\nTMP_DIR=\"${TEMP_DIR:-${DERIVED_DATA_DIR:-$(mktemp -d)}}/icons-gen\"\nmkdir -p \"${TMP_DIR}\" \"${ICONSET_DIR}\"\n# size spec : output name -> max dimension\ngenerate_icon() {\n  local filename=\"$1\"; local size=\"$2\"\n  sips -s format png -Z \"${size}\" \"${SRC_LOGO}\" --out \"${TMP_DIR}/${filename}\" >/dev/null\n  mv -f \"${TMP_DIR}/${filename}\" \"${ICONSET_DIR}/${filename}\"\n}\ngenerate_icon \"AppIcon-20@2x.png\" 40\ngenerate_icon \"AppIcon-20@3x.png\" 60\ngenerate_icon \"AppIcon-29@2x.png\" 58\ngenerate_icon \"AppIcon-29@3x.png\" 87\ngenerate_icon \"AppIcon-40@2x.png\" 80\ngenerate_icon \"AppIcon-40@3x.png\" 120\ngenerate_icon \"AppIcon-60@2x.png\" 120\ngenerate_icon \"AppIcon-60@3x.png\" 180\ngenerate_icon \"AppIcon-20~ipad.png\" 20\ngenerate_icon \"AppIcon-20@2x~ipad.png\" 40\ngenerate_icon \"AppIcon-29~ipad.png\" 29\ngenerate_icon \"AppIcon-29@2x~ipad.png\" 58\ngenerate_icon \"AppIcon-40~ipad.png\" 40\ngenerate_icon \"AppIcon-40@2x~ipad.png\" 80\ngenerate_icon \"AppIcon-76~ipad.png\" 76\ngenerate_icon \"AppIcon-76@2x~ipad.png\" 152\ngenerate_icon \"AppIcon-83.5@2x~ipad.png\" 167\ngenerate_icon \"AppIcon-1024.png\" 1024\necho \"✅ Generated app icons in ${ICONSET_DIR}\"\n";
		};
		62B7A30618A116C678988A05 /* Copy Splash Video */ = {
			isa = PBXShellScriptBuildPhase;
			buildActionMask = 2147483647;
			files = (
			);
			inputFileListPaths = (
			);
			inputPaths = (
			);
			name = "Copy Splash Video";
			outputFileListPaths = (
			);
			outputPaths = (
			);
			runOnlyForDeploymentPostprocessing = 0;
			shellPath = /bin/sh;
			shellScript = "SRC_FILE=\"${PROJECT_DIR}/App/Resources/Videos/splash.MP4\"\nDEST_DIR=\"${TARGET_BUILD_DIR}/${UNLOCALIZED_RESOURCES_FOLDER_PATH}/Videos\"\nif [ -f \"${SRC_FILE}\" ]; then\n  mkdir -p \"${DEST_DIR}\"\n  cp -f \"${SRC_FILE}\" \"${DEST_DIR}/splash.MP4\"\n  echo \"📦 Copied splash.MP4 to ${DEST_DIR}\"\nelse\n  echo \"⚠️ splash.MP4 not found at ${SRC_FILE}\"\nfi\n";
		};
		9C1F3B0C33015AC722CFACE0 /* Sign Nested ChatKit Frameworks */ = {
			isa = PBXShellScriptBuildPhase;
			buildActionMask = 2147483647;
			files = (
			);
			inputFileListPaths = (
			);
			inputPaths = (
			);
			name = "Sign Nested ChatKit Frameworks";
			outputFileListPaths = (
			);
			outputPaths = (
			);
			runOnlyForDeploymentPostprocessing = 0;
			shellPath = /bin/sh;
			shellScript = "FRAMEWORK_DIR=\"${TARGET_BUILD_DIR}/${FRAMEWORKS_FOLDER_PATH}/FinClipChatKit.framework/Frameworks\"\nif [ -d \"${FRAMEWORK_DIR}\" ]; then\n  find \"${FRAMEWORK_DIR}\" -type d -name \"*.framework\" -print0 | while IFS= read -r -d '' FRAME; do\n    /usr/bin/codesign --force --sign \"${EXPANDED_CODE_SIGN_IDENTITY}\" --preserve-metadata=identifier,entitlements \"${FRAME}\" || exit 1\n  done\nfi\n";
		};
		A8BA8EE0B7AEE89E37477176 /* Copy AppLogo PNG (runtime fallback) */ = {
			isa = PBXShellScriptBuildPhase;
			buildActionMask = 2147483647;
			files = (
			);
			inputFileListPaths = (
			);
			inputPaths = (
			);
			name = "Copy AppLogo PNG (runtime fallback)";
			outputFileListPaths = (
			);
			outputPaths = (
			);
			runOnlyForDeploymentPostprocessing = 0;
			shellPath = /bin/sh;
			shellScript = "SRC_PNG=\"${PROJECT_DIR}/App/Resources/Assets.xcassets/AppLogo.imageset/AppLogo.png\"\nDEST_DIR=\"${TARGET_BUILD_DIR}/${UNLOCALIZED_RESOURCES_FOLDER_PATH}\"\nif [ -f \"${SRC_PNG}\" ]; then\n  mkdir -p \"${DEST_DIR}\"\n  cp -f \"${SRC_PNG}\" \"${DEST_DIR}/AppLogo.png\"\n  echo \"📦 Copied AppLogo.png to ${DEST_DIR} (for UIImage named: AppLogo)\"\nelse\n  echo \"ℹ️ AppLogo.png not found at ${SRC_PNG} — relying on asset catalog if available\"\nfi\n";
		};
/* End PBXShellScriptBuildPhase section */

/* Begin PBXSourcesBuildPhase section */
		C68E594EC0D549EBB7600837 /* Sources */ = {
			isa = PBXSourcesBuildPhase;
			buildActionMask = 2147483647;
			files = (
				68E8437BCF9BD3BA60899A7B /* AGUIFixtures.swift in Sources */,
				336253EB07E5A2D6B5549920 /* AgentCatalog.swift in Sources */,
				920AAD19A4A746A821A82421 /* AppDelegate.swift in Sources */,
				626D7277F0133ADFB515B027 /* ChatViewController.swift in Sources */,
				E91BB9105E8CF8DA4630C110 /* ConnectionViewController.swift in Sources */,
				F3E79B04C7289F4EBEC2EC94 /* ConversationListViewController.swift in Sources */,
				A52EB18B4599D529115FE6F2 /* ConversationManager.swift in Sources */,
				5670430FEE08BB1E4A0FA1FA /* ConversationRecord.swift in Sources */,
				C9054166EC9F861D8EBE590E /* DrawerContainerViewController.swift in Sources */,
				528BE0D2EF055B973014211E /* DrawerViewController.swift in Sources */,
				0BA4439F496ECD3939D67836 /* MainChatViewController.swift in Sources */,
				7D6925FCD55E574E011F779F /* MockSSEURLProtocol.swift in Sources */,
				2F15F8D743B79D2B9D74EBE3 /* RuntimeCoordinator.swift in Sources */,
				BD707728A1155D03178DD560 /* SceneDelegate.swift in Sources */,
				845C7B853FBAAE78EBAE026A /* SplashViewController.swift in Sources */,
			);
			runOnlyForDeploymentPostprocessing = 0;
		};
/* End PBXSourcesBuildPhase section */

/* Begin XCBuildConfiguration section */
		083AFE711EF97E4CDC282F48 /* Release */ = {
			isa = XCBuildConfiguration;
			buildSettings = {
				ASSETCATALOG_COMPILER_APPICON_NAME = AppIcon;
				CODE_SIGN_IDENTITY = "iPhone Developer";
				ENABLE_BITCODE = NO;
				"FRAMEWORK_SEARCH_PATHS[sdk=iphoneos*]" = "$(inherited) $(BUILT_PRODUCTS_DIR)/FinClipChatKit.framework/Frameworks";
				"FRAMEWORK_SEARCH_PATHS[sdk=iphonesimulator*]" = "$(inherited) $(BUILT_PRODUCTS_DIR)/FinClipChatKit.framework/Frameworks";
				INFOPLIST_FILE = App/App/Info.plist;
				INFOPLIST_KEY_CFBundleDisplayName = iLoveHK;
				LD_RUNPATH_SEARCH_PATHS = "$(inherited) @executable_path/Frameworks @loader_path/Frameworks @loader_path/Frameworks/FinClipChatKit.framework/Frameworks";
				PRODUCT_BUNDLE_IDENTIFIER = com.finclip.chatkit.ilovehk;
				PRODUCT_NAME = iLoveHK;
				SDKROOT = iphoneos;
				"SWIFT_INCLUDE_PATHS[sdk=iphoneos*]" = "$(inherited) $(BUILT_PRODUCTS_DIR)/FinClipChatKit.framework/Frameworks";
				"SWIFT_INCLUDE_PATHS[sdk=iphonesimulator*]" = "$(inherited) $(BUILT_PRODUCTS_DIR)/FinClipChatKit.framework/Frameworks";
				TARGETED_DEVICE_FAMILY = "1,2";
			};
			name = Release;
		};
		BCA8DC380D077DA3D06E703B /* Release */ = {
			isa = XCBuildConfiguration;
			buildSettings = {
				ALWAYS_SEARCH_USER_PATHS = NO;
				CLANG_ANALYZER_NONNULL = YES;
				CLANG_ANALYZER_NUMBER_OBJECT_CONVERSION = YES_AGGRESSIVE;
				CLANG_CXX_LANGUAGE_STANDARD = "gnu++14";
				CLANG_CXX_LIBRARY = "libc++";
				CLANG_ENABLE_MODULES = YES;
				CLANG_ENABLE_OBJC_ARC = YES;
				CLANG_ENABLE_OBJC_WEAK = YES;
				CLANG_WARN_BLOCK_CAPTURE_AUTORELEASING = YES;
				CLANG_WARN_BOOL_CONVERSION = YES;
				CLANG_WARN_COMMA = YES;
				CLANG_WARN_CONSTANT_CONVERSION = YES;
				CLANG_WARN_DEPRECATED_OBJC_IMPLEMENTATIONS = YES;
				CLANG_WARN_DIRECT_OBJC_ISA_USAGE = YES_ERROR;
				CLANG_WARN_DOCUMENTATION_COMMENTS = YES;
				CLANG_WARN_EMPTY_BODY = YES;
				CLANG_WARN_ENUM_CONVERSION = YES;
				CLANG_WARN_INFINITE_RECURSION = YES;
				CLANG_WARN_INT_CONVERSION = YES;
				CLANG_WARN_NON_LITERAL_NULL_CONVERSION = YES;
				CLANG_WARN_OBJC_IMPLICIT_RETAIN_SELF = YES;
				CLANG_WARN_OBJC_LITERAL_CONVERSION = YES;
				CLANG_WARN_OBJC_ROOT_CLASS = YES_ERROR;
				CLANG_WARN_QUOTED_INCLUDE_IN_FRAMEWORK_HEADER = YES;
				CLANG_WARN_RANGE_LOOP_ANALYSIS = YES;
				CLANG_WARN_STRICT_PROTOTYPES = YES;
				CLANG_WARN_SUSPICIOUS_MOVE = YES;
				CLANG_WARN_UNGUARDED_AVAILABILITY = YES_AGGRESSIVE;
				CLANG_WARN_UNREACHABLE_CODE = YES;
				CLANG_WARN__DUPLICATE_METHOD_MATCH = YES;
				COPY_PHASE_STRIP = NO;
				DEBUG_INFORMATION_FORMAT = "dwarf-with-dsym";
				ENABLE_NS_ASSERTIONS = NO;
				ENABLE_STRICT_OBJC_MSGSEND = YES;
				GCC_C_LANGUAGE_STANDARD = gnu11;
				GCC_NO_COMMON_BLOCKS = YES;
				GCC_WARN_64_TO_32_BIT_CONVERSION = YES;
				GCC_WARN_ABOUT_RETURN_TYPE = YES_ERROR;
				GCC_WARN_UNDECLARED_SELECTOR = YES;
				GCC_WARN_UNINITIALIZED_AUTOS = YES_AGGRESSIVE;
				GCC_WARN_UNUSED_FUNCTION = YES;
				GCC_WARN_UNUSED_VARIABLE = YES;
				IPHONEOS_DEPLOYMENT_TARGET = 17.0;
				MTL_ENABLE_DEBUG_INFO = NO;
				MTL_FAST_MATH = YES;
				PRODUCT_NAME = "$(TARGET_NAME)";
				SDKROOT = iphoneos;
				SWIFT_COMPILATION_MODE = wholemodule;
				SWIFT_OPTIMIZATION_LEVEL = "-O";
				SWIFT_VERSION = 5.0;
			};
			name = Release;
		};
		BEA8066DF0D8C567C23E4BF1 /* Debug */ = {
			isa = XCBuildConfiguration;
			buildSettings = {
				ASSETCATALOG_COMPILER_APPICON_NAME = AppIcon;
				CODE_SIGN_IDENTITY = "iPhone Developer";
				ENABLE_BITCODE = NO;
				"FRAMEWORK_SEARCH_PATHS[sdk=iphoneos*]" = "$(inherited) $(BUILT_PRODUCTS_DIR)/FinClipChatKit.framework/Frameworks";
				"FRAMEWORK_SEARCH_PATHS[sdk=iphonesimulator*]" = "$(inherited) $(BUILT_PRODUCTS_DIR)/FinClipChatKit.framework/Frameworks";
				INFOPLIST_FILE = App/App/Info.plist;
				INFOPLIST_KEY_CFBundleDisplayName = iLoveHK;
				LD_RUNPATH_SEARCH_PATHS = "$(inherited) @executable_path/Frameworks @loader_path/Frameworks @loader_path/Frameworks/FinClipChatKit.framework/Frameworks";
				PRODUCT_BUNDLE_IDENTIFIER = com.finclip.chatkit.ilovehk;
				PRODUCT_NAME = iLoveHK;
				SDKROOT = iphoneos;
				"SWIFT_INCLUDE_PATHS[sdk=iphoneos*]" = "$(inherited) $(BUILT_PRODUCTS_DIR)/FinClipChatKit.framework/Frameworks";
				"SWIFT_INCLUDE_PATHS[sdk=iphonesimulator*]" = "$(inherited) $(BUILT_PRODUCTS_DIR)/FinClipChatKit.framework/Frameworks";
				TARGETED_DEVICE_FAMILY = "1,2";
			};
			name = Debug;
		};
		BFF7A367CAC92B070D9864FC /* Debug */ = {
			isa = XCBuildConfiguration;
			buildSettings = {
				ALWAYS_SEARCH_USER_PATHS = NO;
				CLANG_ANALYZER_NONNULL = YES;
				CLANG_ANALYZER_NUMBER_OBJECT_CONVERSION = YES_AGGRESSIVE;
				CLANG_CXX_LANGUAGE_STANDARD = "gnu++14";
				CLANG_CXX_LIBRARY = "libc++";
				CLANG_ENABLE_MODULES = YES;
				CLANG_ENABLE_OBJC_ARC = YES;
				CLANG_ENABLE_OBJC_WEAK = YES;
				CLANG_WARN_BLOCK_CAPTURE_AUTORELEASING = YES;
				CLANG_WARN_BOOL_CONVERSION = YES;
				CLANG_WARN_COMMA = YES;
				CLANG_WARN_CONSTANT_CONVERSION = YES;
				CLANG_WARN_DEPRECATED_OBJC_IMPLEMENTATIONS = YES;
				CLANG_WARN_DIRECT_OBJC_ISA_USAGE = YES_ERROR;
				CLANG_WARN_DOCUMENTATION_COMMENTS = YES;
				CLANG_WARN_EMPTY_BODY = YES;
				CLANG_WARN_ENUM_CONVERSION = YES;
				CLANG_WARN_INFINITE_RECURSION = YES;
				CLANG_WARN_INT_CONVERSION = YES;
				CLANG_WARN_NON_LITERAL_NULL_CONVERSION = YES;
				CLANG_WARN_OBJC_IMPLICIT_RETAIN_SELF = YES;
				CLANG_WARN_OBJC_LITERAL_CONVERSION = YES;
				CLANG_WARN_OBJC_ROOT_CLASS = YES_ERROR;
				CLANG_WARN_QUOTED_INCLUDE_IN_FRAMEWORK_HEADER = YES;
				CLANG_WARN_RANGE_LOOP_ANALYSIS = YES;
				CLANG_WARN_STRICT_PROTOTYPES = YES;
				CLANG_WARN_SUSPICIOUS_MOVE = YES;
				CLANG_WARN_UNGUARDED_AVAILABILITY = YES_AGGRESSIVE;
				CLANG_WARN_UNREACHABLE_CODE = YES;
				CLANG_WARN__DUPLICATE_METHOD_MATCH = YES;
				COPY_PHASE_STRIP = NO;
				DEBUG_INFORMATION_FORMAT = dwarf;
				ENABLE_STRICT_OBJC_MSGSEND = YES;
				ENABLE_TESTABILITY = YES;
				GCC_C_LANGUAGE_STANDARD = gnu11;
				GCC_DYNAMIC_NO_PIC = NO;
				GCC_NO_COMMON_BLOCKS = YES;
				GCC_OPTIMIZATION_LEVEL = 0;
				GCC_PREPROCESSOR_DEFINITIONS = (
					"$(inherited)",
					"DEBUG=1",
				);
				GCC_WARN_64_TO_32_BIT_CONVERSION = YES;
				GCC_WARN_ABOUT_RETURN_TYPE = YES_ERROR;
				GCC_WARN_UNDECLARED_SELECTOR = YES;
				GCC_WARN_UNINITIALIZED_AUTOS = YES_AGGRESSIVE;
				GCC_WARN_UNUSED_FUNCTION = YES;
				GCC_WARN_UNUSED_VARIABLE = YES;
				IPHONEOS_DEPLOYMENT_TARGET = 17.0;
				MTL_ENABLE_DEBUG_INFO = INCLUDE_SOURCE;
				MTL_FAST_MATH = YES;
				ONLY_ACTIVE_ARCH = YES;
				PRODUCT_NAME = "$(TARGET_NAME)";
				SDKROOT = iphoneos;
				SWIFT_ACTIVE_COMPILATION_CONDITIONS = DEBUG;
				SWIFT_OPTIMIZATION_LEVEL = "-Onone";
				SWIFT_VERSION = 5.0;
			};
			name = Debug;
		};
/* End XCBuildConfiguration section */

/* Begin XCConfigurationList section */
		61949630504FD901AD6439B4 /* Build configuration list for PBXProject "iLoveHK" */ = {
			isa = XCConfigurationList;
			buildConfigurations = (
				BFF7A367CAC92B070D9864FC /* Debug */,
				BCA8DC380D077DA3D06E703B /* Release */,
			);
			defaultConfigurationIsVisible = 0;
			defaultConfigurationName = Debug;
		};
		BECBA97E4C2E8D77C9077697 /* Build configuration list for PBXNativeTarget "iLoveHK" */ = {
			isa = XCConfigurationList;
			buildConfigurations = (
				BEA8066DF0D8C567C23E4BF1 /* Debug */,
				083AFE711EF97E4CDC282F48 /* Release */,
			);
			defaultConfigurationIsVisible = 0;
			defaultConfigurationName = Debug;
		};
/* End XCConfigurationList section */

/* Begin XCRemoteSwiftPackageReference section */
		0337A377D6504E22E55017F2 /* XCRemoteSwiftPackageReference "finclip-chatkit" */ = {
			isa = XCRemoteSwiftPackageReference;
			repositoryURL = "https://github.com/Geeksfino/finclip-chatkit.git";
			requirement = {
				kind = upToNextMajorVersion;
				minimumVersion = 0.1.0;
			};
		};
/* End XCRemoteSwiftPackageReference section */

/* Begin XCSwiftPackageProductDependency section */
		B6FB384DC0DF91B2EB341D8C /* ChatKit */ = {
			isa = XCSwiftPackageProductDependency;
			package = 0337A377D6504E22E55017F2 /* XCRemoteSwiftPackageReference "finclip-chatkit" */;
			productName = ChatKit;
		};
/* End XCSwiftPackageProductDependency section */
	};
	rootObject = A4EBCBFE09BA4DB4045326CC /* Project object */;
}
