// !$*UTF8*$!
{
	archiveVersion = 1;
	classes = {
	};
	objectVersion = 63;
	objects = {

/* Begin PBXBuildFile section */
		04D24DD663CCDAB81537F2E1 /* NeuronKit in Frameworks */ = {isa = PBXBuildFile; productRef = AF674C6E1BD3D63486AC1D63 /* NeuronKit */; };
		083CAD7FD3BA4DD842CE699E /* AppConfig.swift in Sources */ = {isa = PBXBuildFile; fileRef = 79F1215A8542536F61E0B0AA /* AppConfig.swift */; };
		093E8CE526B15715EBC1DDA3 /* MainChatViewController.swift in Sources */ = {isa = PBXBuildFile; fileRef = 4DFC30CDF6CD39932F002CD5 /* MainChatViewController.swift */; };
		1F6C088D6A071057F0051E83 /* ConvoUI in Frameworks */ = {isa = PBXBuildFile; productRef = 1E38C3386DA0E4851F403BF6 /* ConvoUI */; };
		284CE87209CE4845243A4304 /* LocalLLMModelManager.swift in Sources */ = {isa = PBXBuildFile; fileRef = 9ECA16068F62E78DF9B9FB4B /* LocalLLMModelManager.swift */; };
		2CEAEA8C98950CF7E88B53AD /* DrawerContainerViewController.swift in Sources */ = {isa = PBXBuildFile; fileRef = 8C8C8F32DBF8EE5C12FBF022 /* DrawerContainerViewController.swift */; };
		395120B915603C15B5E5DB87 /* LocalLLMURLProtocol.swift in Sources */ = {isa = PBXBuildFile; fileRef = C39A51A0CD2C1FFB5A8DE384 /* LocalLLMURLProtocol.swift */; };
		55D6176CDEB8F2A7262F911C /* ComposerToolsExample.swift in Sources */ = {isa = PBXBuildFile; fileRef = 0ACBBAD3E584278BD5C18424 /* ComposerToolsExample.swift */; };
		5897029A66B7F0574AECD8FB /* LocalizationHelper.swift in Sources */ = {isa = PBXBuildFile; fileRef = 7281A16BA6D0DCD2B95ECBF1 /* LocalizationHelper.swift */; };
		6AECF9F3CA337A09C3310EB9 /* FinClipChatKit in Frameworks */ = {isa = PBXBuildFile; productRef = 1D356B91FC0A5230281016CE /* FinClipChatKit */; };
		70FC2B4E7E001E04F70E957D /* SandboxSDK in Frameworks */ = {isa = PBXBuildFile; productRef = 32E969BCC67C4DC88C561E1B /* SandboxSDK */; };
		7766DF3863720E336B070785 /* DeviceDetection.swift in Sources */ = {isa = PBXBuildFile; fileRef = A5147A00AE3636576CA4518F /* DeviceDetection.swift */; };
		781241F4A1B903D4DE66771E /* convstorelib in Frameworks */ = {isa = PBXBuildFile; productRef = 3B68D7F26B74B803296C07D5 /* convstorelib */; };
		905EB1F22CAC87D8221675F1 /* Pods_MyPal.framework in Frameworks */ = {isa = PBXBuildFile; fileRef = 93F074C188D454FD99F6591F /* Pods_MyPal.framework */; };
		A303F924D44DCBB4AFD9E345 /* ChatContextProviders.swift in Sources */ = {isa = PBXBuildFile; fileRef = 081855A413FE4B7390D05002 /* ChatContextProviders.swift */; };
		B03A33CF642698CDC4EE1D1F /* CalendarContextProvider.swift in Sources */ = {isa = PBXBuildFile; fileRef = BF3EC4F79EC3E1B7B46E4084 /* CalendarContextProvider.swift */; };
		B6ACB1206296BEF4B85950A9 /* SceneDelegate.swift in Sources */ = {isa = PBXBuildFile; fileRef = 231887E4019980C65FCDDA0E /* SceneDelegate.swift */; };
		CB1F79D538897B8C13EAE538 /* LocalLLMAGUIEvents.swift in Sources */ = {isa = PBXBuildFile; fileRef = 8065D51BC0D335C285E3696A /* LocalLLMAGUIEvents.swift */; };
		D09794C586A23C71401FFEA9 /* ChatViewController.swift in Sources */ = {isa = PBXBuildFile; fileRef = 178FCB62641E48A554C802B5 /* ChatViewController.swift */; };
		F214D44114E0A6FB198D2A4A /* ModelDownloader.swift in Sources */ = {isa = PBXBuildFile; fileRef = B1644FC66B348ACBBFE163E7 /* ModelDownloader.swift */; };
		F251FBF54826588CD8131593 /* LocationContextProvider.swift in Sources */ = {isa = PBXBuildFile; fileRef = B1243A03FAE20F93E73C91B9 /* LocationContextProvider.swift */; };
		F49BE6B14EB46077D7BB0962 /* DrawerViewController.swift in Sources */ = {isa = PBXBuildFile; fileRef = CE028ED7DA735602803B00CF /* DrawerViewController.swift */; };
		F87CAAB1AEF77CBA60F31DFF /* AppDelegate.swift in Sources */ = {isa = PBXBuildFile; fileRef = D51D2609463680B49DFD4967 /* AppDelegate.swift */; };
/* End PBXBuildFile section */

/* Begin PBXFileReference section */
		081855A413FE4B7390D05002 /* ChatContextProviders.swift */ = {isa = PBXFileReference; lastKnownFileType = sourcecode.swift; path = ChatContextProviders.swift; sourceTree = "<group>"; };
		0ACBBAD3E584278BD5C18424 /* ComposerToolsExample.swift */ = {isa = PBXFileReference; lastKnownFileType = sourcecode.swift; path = ComposerToolsExample.swift; sourceTree = "<group>"; };
		0DC81390D7A075A4E80BE5F9 /* Pods-MyPal.debug.xcconfig */ = {isa = PBXFileReference; includeInIndex = 1; lastKnownFileType = text.xcconfig; name = "Pods-MyPal.debug.xcconfig"; path = "Target Support Files/Pods-MyPal/Pods-MyPal.debug.xcconfig"; sourceTree = "<group>"; };
		178FCB62641E48A554C802B5 /* ChatViewController.swift */ = {isa = PBXFileReference; lastKnownFileType = sourcecode.swift; path = ChatViewController.swift; sourceTree = "<group>"; };
		231887E4019980C65FCDDA0E /* SceneDelegate.swift */ = {isa = PBXFileReference; lastKnownFileType = sourcecode.swift; path = SceneDelegate.swift; sourceTree = "<group>"; };
		35149418AE24F0BF4494DEDB /* MyPal.entitlements */ = {isa = PBXFileReference; lastKnownFileType = text.plist.entitlements; path = MyPal.entitlements; sourceTree = "<group>"; };
		4DFC30CDF6CD39932F002CD5 /* MainChatViewController.swift */ = {isa = PBXFileReference; lastKnownFileType = sourcecode.swift; path = MainChatViewController.swift; sourceTree = "<group>"; };
		5491126D473C59274E96AE5E /* Info.plist */ = {isa = PBXFileReference; lastKnownFileType = text.plist; path = Info.plist; sourceTree = "<group>"; };
		55F8993DE320A0B736945575 /* Pods-MyPal.release.xcconfig */ = {isa = PBXFileReference; includeInIndex = 1; lastKnownFileType = text.xcconfig; name = "Pods-MyPal.release.xcconfig"; path = "Target Support Files/Pods-MyPal/Pods-MyPal.release.xcconfig"; sourceTree = "<group>"; };
		7281A16BA6D0DCD2B95ECBF1 /* LocalizationHelper.swift */ = {isa = PBXFileReference; lastKnownFileType = sourcecode.swift; path = LocalizationHelper.swift; sourceTree = "<group>"; };
		79F1215A8542536F61E0B0AA /* AppConfig.swift */ = {isa = PBXFileReference; lastKnownFileType = sourcecode.swift; path = AppConfig.swift; sourceTree = "<group>"; };
		8065D51BC0D335C285E3696A /* LocalLLMAGUIEvents.swift */ = {isa = PBXFileReference; lastKnownFileType = sourcecode.swift; path = LocalLLMAGUIEvents.swift; sourceTree = "<group>"; };
		8C8C8F32DBF8EE5C12FBF022 /* DrawerContainerViewController.swift */ = {isa = PBXFileReference; lastKnownFileType = sourcecode.swift; path = DrawerContainerViewController.swift; sourceTree = "<group>"; };
		8F4EE2C7E1E0852BD014E099 /* .gitkeep */ = {isa = PBXFileReference; lastKnownFileType = text; path = .gitkeep; sourceTree = "<group>"; };
		93F074C188D454FD99F6591F /* Pods_MyPal.framework */ = {isa = PBXFileReference; explicitFileType = wrapper.framework; includeInIndex = 0; path = Pods_MyPal.framework; sourceTree = BUILT_PRODUCTS_DIR; };
		9ECA16068F62E78DF9B9FB4B /* LocalLLMModelManager.swift */ = {isa = PBXFileReference; lastKnownFileType = sourcecode.swift; path = LocalLLMModelManager.swift; sourceTree = "<group>"; };
		A5147A00AE3636576CA4518F /* DeviceDetection.swift */ = {isa = PBXFileReference; lastKnownFileType = sourcecode.swift; path = DeviceDetection.swift; sourceTree = "<group>"; };
		B1243A03FAE20F93E73C91B9 /* LocationContextProvider.swift */ = {isa = PBXFileReference; lastKnownFileType = sourcecode.swift; path = LocationContextProvider.swift; sourceTree = "<group>"; };
		B1644FC66B348ACBBFE163E7 /* ModelDownloader.swift */ = {isa = PBXFileReference; lastKnownFileType = sourcecode.swift; path = ModelDownloader.swift; sourceTree = "<group>"; };
		BF3EC4F79EC3E1B7B46E4084 /* CalendarContextProvider.swift */ = {isa = PBXFileReference; lastKnownFileType = sourcecode.swift; path = CalendarContextProvider.swift; sourceTree = "<group>"; };
		C39A51A0CD2C1FFB5A8DE384 /* LocalLLMURLProtocol.swift */ = {isa = PBXFileReference; lastKnownFileType = sourcecode.swift; path = LocalLLMURLProtocol.swift; sourceTree = "<group>"; };
		CACCC79E05A0D707C5A29B7A /* MyPal.app */ = {isa = PBXFileReference; explicitFileType = wrapper.application; includeInIndex = 0; path = MyPal.app; sourceTree = BUILT_PRODUCTS_DIR; };
		CE028ED7DA735602803B00CF /* DrawerViewController.swift */ = {isa = PBXFileReference; lastKnownFileType = sourcecode.swift; path = DrawerViewController.swift; sourceTree = "<group>"; };
		D51D2609463680B49DFD4967 /* AppDelegate.swift */ = {isa = PBXFileReference; lastKnownFileType = sourcecode.swift; path = AppDelegate.swift; sourceTree = "<group>"; };
/* End PBXFileReference section */

/* Begin PBXFrameworksBuildPhase section */
		793AA95B36643813544F62F3 /* Frameworks */ = {
			isa = PBXFrameworksBuildPhase;
			buildActionMask = 2147483647;
			files = (
				6AECF9F3CA337A09C3310EB9 /* FinClipChatKit in Frameworks */,
				04D24DD663CCDAB81537F2E1 /* NeuronKit in Frameworks */,
				70FC2B4E7E001E04F70E957D /* SandboxSDK in Frameworks */,
				781241F4A1B903D4DE66771E /* convstorelib in Frameworks */,
				1F6C088D6A071057F0051E83 /* ConvoUI in Frameworks */,
				905EB1F22CAC87D8221675F1 /* Pods_MyPal.framework in Frameworks */,
			);
			runOnlyForDeploymentPostprocessing = 0;
		};
/* End PBXFrameworksBuildPhase section */

/* Begin PBXGroup section */
		00B9B54E4B6394B206E8ED89 /* Pods */ = {
			isa = PBXGroup;
			children = (
				0DC81390D7A075A4E80BE5F9 /* Pods-MyPal.debug.xcconfig */,
				55F8993DE320A0B736945575 /* Pods-MyPal.release.xcconfig */,
			);
			path = Pods;
			sourceTree = "<group>";
		};
		2FD2FCF753602588CC6ECB21 /* Extensions */ = {
			isa = PBXGroup;
			children = (
				BF3EC4F79EC3E1B7B46E4084 /* CalendarContextProvider.swift */,
				081855A413FE4B7390D05002 /* ChatContextProviders.swift */,
				A5147A00AE3636576CA4518F /* DeviceDetection.swift */,
				B1243A03FAE20F93E73C91B9 /* LocationContextProvider.swift */,
			);
			name = Extensions;
			path = App/Extensions;
			sourceTree = "<group>";
		};
		330D942A37B6A819B02F8D15 /* App */ = {
			isa = PBXGroup;
			children = (
				79F1215A8542536F61E0B0AA /* AppConfig.swift */,
				D51D2609463680B49DFD4967 /* AppDelegate.swift */,
				0ACBBAD3E584278BD5C18424 /* ComposerToolsExample.swift */,
				5491126D473C59274E96AE5E /* Info.plist */,
				7281A16BA6D0DCD2B95ECBF1 /* LocalizationHelper.swift */,
				35149418AE24F0BF4494DEDB /* MyPal.entitlements */,
				231887E4019980C65FCDDA0E /* SceneDelegate.swift */,
			);
			name = App;
			path = App/App;
			sourceTree = "<group>";
		};
		47F76D8763606232A4D50565 /* Models */ = {
			isa = PBXGroup;
			children = (
				8F4EE2C7E1E0852BD014E099 /* .gitkeep */,
			);
			name = Models;
			path = App/Models;
			sourceTree = "<group>";
		};
		6770D91BE4EC0862672634BA /* Adapters */ = {
			isa = PBXGroup;
			children = (
				9ECA16068F62E78DF9B9FB4B /* LocalLLMModelManager.swift */,
				B1644FC66B348ACBBFE163E7 /* ModelDownloader.swift */,
			);
			name = Adapters;
			path = App/Adapters;
			sourceTree = "<group>";
		};
		824C86BBE76A8F013EA9EBC1 /* ViewControllers */ = {
			isa = PBXGroup;
			children = (
				178FCB62641E48A554C802B5 /* ChatViewController.swift */,
				8C8C8F32DBF8EE5C12FBF022 /* DrawerContainerViewController.swift */,
				CE028ED7DA735602803B00CF /* DrawerViewController.swift */,
				4DFC30CDF6CD39932F002CD5 /* MainChatViewController.swift */,
			);
			name = ViewControllers;
			path = App/ViewControllers;
			sourceTree = "<group>";
		};
		9A386B44D645C6E995C2F145 /* Frameworks */ = {
			isa = PBXGroup;
			children = (
				93F074C188D454FD99F6591F /* Pods_MyPal.framework */,
			);
			name = Frameworks;
			sourceTree = "<group>";
		};
		A51D139E061EB3842D69BE62 /* Network */ = {
			isa = PBXGroup;
			children = (
				8065D51BC0D335C285E3696A /* LocalLLMAGUIEvents.swift */,
				C39A51A0CD2C1FFB5A8DE384 /* LocalLLMURLProtocol.swift */,
			);
			name = Network;
			path = App/Network;
			sourceTree = "<group>";
		};
		E49D649E3065AE5704D08AFC /* Products */ = {
			isa = PBXGroup;
			children = (
				CACCC79E05A0D707C5A29B7A /* MyPal.app */,
			);
			name = Products;
			sourceTree = "<group>";
		};
		F8C8CD237C498A5A9FCB4A58 = {
			isa = PBXGroup;
			children = (
				6770D91BE4EC0862672634BA /* Adapters */,
				330D942A37B6A819B02F8D15 /* App */,
				2FD2FCF753602588CC6ECB21 /* Extensions */,
				47F76D8763606232A4D50565 /* Models */,
				A51D139E061EB3842D69BE62 /* Network */,
				824C86BBE76A8F013EA9EBC1 /* ViewControllers */,
				E49D649E3065AE5704D08AFC /* Products */,
				00B9B54E4B6394B206E8ED89 /* Pods */,
				9A386B44D645C6E995C2F145 /* Frameworks */,
			);
			sourceTree = "<group>";
		};
/* End PBXGroup section */

/* Begin PBXNativeTarget section */
		ACE8D08B93BE4DB416D81CD9 /* MyPal */ = {
			isa = PBXNativeTarget;
			buildConfigurationList = 6CE17E596ED4B480A3204482 /* Build configuration list for PBXNativeTarget "MyPal" */;
			buildPhases = (
				76300E033203BEB088BD0176 /* [CP] Check Pods Manifest.lock */,
				821A5913A66191D27C94BF9F /* Copy Model Files to Bundle */,
				2958ABD0638FDA198419A29F /* Sources */,
				793AA95B36643813544F62F3 /* Frameworks */,
			);
			buildRules = (
			);
			dependencies = (
			);
			name = MyPal;
			packageProductDependencies = (
				1D356B91FC0A5230281016CE /* FinClipChatKit */,
				AF674C6E1BD3D63486AC1D63 /* NeuronKit */,
				32E969BCC67C4DC88C561E1B /* SandboxSDK */,
				3B68D7F26B74B803296C07D5 /* convstorelib */,
				1E38C3386DA0E4851F403BF6 /* ConvoUI */,
			);
			productName = MyPal;
			productReference = CACCC79E05A0D707C5A29B7A /* MyPal.app */;
			productType = "com.apple.product-type.application";
		};
/* End PBXNativeTarget section */

/* Begin PBXProject section */
		31046E405C4635F7DD63A812 /* Project object */ = {
			isa = PBXProject;
			attributes = {
				BuildIndependentTargetsInParallel = YES;
				LastUpgradeCheck = 1430;
			};
			buildConfigurationList = 619F5B735C62BB300BD1F974 /* Build configuration list for PBXProject "MyPal" */;
			compatibilityVersion = "Xcode 14.0";
			developmentRegion = en;
			hasScannedForEncodings = 0;
			knownRegions = (
				Base,
				en,
			);
			mainGroup = F8C8CD237C498A5A9FCB4A58;
			minimizedProjectReferenceProxies = 1;
			packageReferences = (
				CA33BBBEA5CAEBBF0D41DE9A /* XCRemoteSwiftPackageReference "finclip-chatkit" */,
				D581C642B97378FB1B00552F /* XCRemoteSwiftPackageReference "finclip-neuron" */,
			);
			productRefGroup = E49D649E3065AE5704D08AFC /* Products */;
			projectDirPath = "";
			projectRoot = "";
			targets = (
				ACE8D08B93BE4DB416D81CD9 /* MyPal */,
			);
		};
/* End PBXProject section */

/* Begin PBXShellScriptBuildPhase section */
		76300E033203BEB088BD0176 /* [CP] Check Pods Manifest.lock */ = {
			isa = PBXShellScriptBuildPhase;
			buildActionMask = 2147483647;
			files = (
			);
			inputFileListPaths = (
			);
			inputPaths = (
				"${PODS_PODFILE_DIR_PATH}/Podfile.lock",
				"${PODS_ROOT}/Manifest.lock",
			);
			name = "[CP] Check Pods Manifest.lock";
			outputFileListPaths = (
			);
			outputPaths = (
				"$(DERIVED_FILE_DIR)/Pods-MyPal-checkManifestLockResult.txt",
			);
			runOnlyForDeploymentPostprocessing = 0;
			shellPath = /bin/sh;
			shellScript = "diff \"${PODS_PODFILE_DIR_PATH}/Podfile.lock\" \"${PODS_ROOT}/Manifest.lock\" > /dev/null\nif [ $? != 0 ] ; then\n    # print error to STDERR\n    echo \"error: The sandbox is not in sync with the Podfile.lock. Run 'pod install' or update your CocoaPods installation.\" >&2\n    exit 1\nfi\n# This output is used by Xcode 'outputs' to avoid re-running this script phase.\necho \"SUCCESS\" > \"${SCRIPT_OUTPUT_FILE_0}\"\n";
			showEnvVarsInLog = 0;
		};
		821A5913A66191D27C94BF9F /* Copy Model Files to Bundle */ = {
			isa = PBXShellScriptBuildPhase;
			buildActionMask = 2147483647;
			files = (
			);
			inputFileListPaths = (
			);
			inputPaths = (
			);
			name = "Copy Model Files to Bundle";
			outputFileListPaths = (
			);
			outputPaths = (
			);
			runOnlyForDeploymentPostprocessing = 0;
			shellPath = /bin/sh;
			shellScript = "MODEL_SRC=\"${SRCROOT}/App/Models\"\nMODEL_DST=\"${TARGET_BUILD_DIR}/${UNLOCALIZED_RESOURCES_FOLDER_PATH}/Models\"\nif [ -d \"${MODEL_SRC}\" ]; then\n  mkdir -p \"${MODEL_DST}\"\n  [ -f \"${MODEL_SRC}/gemma-3-270m-it-int8.task\" ] && cp \"${MODEL_SRC}/gemma-3-270m-it-int8.task\" \"${MODEL_DST}/\" && echo \"✅ Copied gemma-3-270m-it-int8.task\"\nelse\n  echo \"⚠️ Model source directory not found: ${MODEL_SRC}\"\nfi\n";
		};
/* End PBXShellScriptBuildPhase section */

/* Begin PBXSourcesBuildPhase section */
		2958ABD0638FDA198419A29F /* Sources */ = {
			isa = PBXSourcesBuildPhase;
			buildActionMask = 2147483647;
			files = (
				083CAD7FD3BA4DD842CE699E /* AppConfig.swift in Sources */,
				F87CAAB1AEF77CBA60F31DFF /* AppDelegate.swift in Sources */,
				B03A33CF642698CDC4EE1D1F /* CalendarContextProvider.swift in Sources */,
				A303F924D44DCBB4AFD9E345 /* ChatContextProviders.swift in Sources */,
				D09794C586A23C71401FFEA9 /* ChatViewController.swift in Sources */,
				55D6176CDEB8F2A7262F911C /* ComposerToolsExample.swift in Sources */,
				7766DF3863720E336B070785 /* DeviceDetection.swift in Sources */,
				2CEAEA8C98950CF7E88B53AD /* DrawerContainerViewController.swift in Sources */,
				F49BE6B14EB46077D7BB0962 /* DrawerViewController.swift in Sources */,
				CB1F79D538897B8C13EAE538 /* LocalLLMAGUIEvents.swift in Sources */,
				284CE87209CE4845243A4304 /* LocalLLMModelManager.swift in Sources */,
				395120B915603C15B5E5DB87 /* LocalLLMURLProtocol.swift in Sources */,
				5897029A66B7F0574AECD8FB /* LocalizationHelper.swift in Sources */,
				F251FBF54826588CD8131593 /* LocationContextProvider.swift in Sources */,
				093E8CE526B15715EBC1DDA3 /* MainChatViewController.swift in Sources */,
				F214D44114E0A6FB198D2A4A /* ModelDownloader.swift in Sources */,
				B6ACB1206296BEF4B85950A9 /* SceneDelegate.swift in Sources */,
			);
			runOnlyForDeploymentPostprocessing = 0;
		};
/* End PBXSourcesBuildPhase section */

/* Begin XCBuildConfiguration section */
		27ACF160472F2960CDCD7C83 /* Debug */ = {
			isa = XCBuildConfiguration;
			baseConfigurationReference = 0DC81390D7A075A4E80BE5F9 /* Pods-MyPal.debug.xcconfig */;
			buildSettings = {
				ASSETCATALOG_COMPILER_APPICON_NAME = AppIcon;
				CODE_SIGN_ENTITLEMENTS = App/App/MyPal.entitlements;
				CODE_SIGN_IDENTITY = "iPhone Developer";
				DEVELOPMENT_TEAM = GD3A4L3FRU;
				ENABLE_BITCODE = NO;
				INFOPLIST_FILE = App/App/Info.plist;
				INFOPLIST_KEY_CFBundleDisplayName = MyPal;
				LD_RUNPATH_SEARCH_PATHS = (
					"$(inherited)",
					"@executable_path/Frameworks",
				);
				PRODUCT_BUNDLE_IDENTIFIER = com.finclip.chatkit.mypal;
				PRODUCT_NAME = MyPal;
				SDKROOT = iphoneos;
				TARGETED_DEVICE_FAMILY = "1,2";
			};
			name = Debug;
		};
		87EA191ADB26EAFE04626553 /* Debug */ = {
			isa = XCBuildConfiguration;
			buildSettings = {
				ALWAYS_SEARCH_USER_PATHS = NO;
				CLANG_ANALYZER_NONNULL = YES;
				CLANG_ANALYZER_NUMBER_OBJECT_CONVERSION = YES_AGGRESSIVE;
				CLANG_CXX_LANGUAGE_STANDARD = "gnu++14";
				CLANG_CXX_LIBRARY = "libc++";
				CLANG_ENABLE_MODULES = YES;
				CLANG_ENABLE_OBJC_ARC = YES;
				CLANG_ENABLE_OBJC_WEAK = YES;
				CLANG_WARN_BLOCK_CAPTURE_AUTORELEASING = YES;
				CLANG_WARN_BOOL_CONVERSION = YES;
				CLANG_WARN_COMMA = YES;
				CLANG_WARN_CONSTANT_CONVERSION = YES;
				CLANG_WARN_DEPRECATED_OBJC_IMPLEMENTATIONS = YES;
				CLANG_WARN_DIRECT_OBJC_ISA_USAGE = YES_ERROR;
				CLANG_WARN_DOCUMENTATION_COMMENTS = YES;
				CLANG_WARN_EMPTY_BODY = YES;
				CLANG_WARN_ENUM_CONVERSION = YES;
				CLANG_WARN_INFINITE_RECURSION = YES;
				CLANG_WARN_INT_CONVERSION = YES;
				CLANG_WARN_NON_LITERAL_NULL_CONVERSION = YES;
				CLANG_WARN_OBJC_IMPLICIT_RETAIN_SELF = YES;
				CLANG_WARN_OBJC_LITERAL_CONVERSION = YES;
				CLANG_WARN_OBJC_ROOT_CLASS = YES_ERROR;
				CLANG_WARN_QUOTED_INCLUDE_IN_FRAMEWORK_HEADER = YES;
				CLANG_WARN_RANGE_LOOP_ANALYSIS = YES;
				CLANG_WARN_STRICT_PROTOTYPES = YES;
				CLANG_WARN_SUSPICIOUS_MOVE = YES;
				CLANG_WARN_UNGUARDED_AVAILABILITY = YES_AGGRESSIVE;
				CLANG_WARN_UNREACHABLE_CODE = YES;
				CLANG_WARN__DUPLICATE_METHOD_MATCH = YES;
				COPY_PHASE_STRIP = NO;
				DEBUG_INFORMATION_FORMAT = dwarf;
				ENABLE_STRICT_OBJC_MSGSEND = YES;
				ENABLE_TESTABILITY = YES;
				GCC_C_LANGUAGE_STANDARD = gnu11;
				GCC_DYNAMIC_NO_PIC = NO;
				GCC_NO_COMMON_BLOCKS = YES;
				GCC_OPTIMIZATION_LEVEL = 0;
				GCC_PREPROCESSOR_DEFINITIONS = (
					"$(inherited)",
					"DEBUG=1",
				);
				GCC_WARN_64_TO_32_BIT_CONVERSION = YES;
				GCC_WARN_ABOUT_RETURN_TYPE = YES_ERROR;
				GCC_WARN_UNDECLARED_SELECTOR = YES;
				GCC_WARN_UNINITIALIZED_AUTOS = YES_AGGRESSIVE;
				GCC_WARN_UNUSED_FUNCTION = YES;
				GCC_WARN_UNUSED_VARIABLE = YES;
				IPHONEOS_DEPLOYMENT_TARGET = 16.0;
				MTL_ENABLE_DEBUG_INFO = INCLUDE_SOURCE;
				MTL_FAST_MATH = YES;
				ONLY_ACTIVE_ARCH = YES;
				PRODUCT_NAME = "$(TARGET_NAME)";
				SDKROOT = iphoneos;
				SWIFT_ACTIVE_COMPILATION_CONDITIONS = DEBUG;
				SWIFT_OPTIMIZATION_LEVEL = "-Onone";
				SWIFT_VERSION = 5.0;
			};
			name = Debug;
		};
		985F3E6386D3FA9D1AD870D4 /* Release */ = {
			isa = XCBuildConfiguration;
			buildSettings = {
				ALWAYS_SEARCH_USER_PATHS = NO;
				CLANG_ANALYZER_NONNULL = YES;
				CLANG_ANALYZER_NUMBER_OBJECT_CONVERSION = YES_AGGRESSIVE;
				CLANG_CXX_LANGUAGE_STANDARD = "gnu++14";
				CLANG_CXX_LIBRARY = "libc++";
				CLANG_ENABLE_MODULES = YES;
				CLANG_ENABLE_OBJC_ARC = YES;
				CLANG_ENABLE_OBJC_WEAK = YES;
				CLANG_WARN_BLOCK_CAPTURE_AUTORELEASING = YES;
				CLANG_WARN_BOOL_CONVERSION = YES;
				CLANG_WARN_COMMA = YES;
				CLANG_WARN_CONSTANT_CONVERSION = YES;
				CLANG_WARN_DEPRECATED_OBJC_IMPLEMENTATIONS = YES;
				CLANG_WARN_DIRECT_OBJC_ISA_USAGE = YES_ERROR;
				CLANG_WARN_DOCUMENTATION_COMMENTS = YES;
				CLANG_WARN_EMPTY_BODY = YES;
				CLANG_WARN_ENUM_CONVERSION = YES;
				CLANG_WARN_INFINITE_RECURSION = YES;
				CLANG_WARN_INT_CONVERSION = YES;
				CLANG_WARN_NON_LITERAL_NULL_CONVERSION = YES;
				CLANG_WARN_OBJC_IMPLICIT_RETAIN_SELF = YES;
				CLANG_WARN_OBJC_LITERAL_CONVERSION = YES;
				CLANG_WARN_OBJC_ROOT_CLASS = YES_ERROR;
				CLANG_WARN_QUOTED_INCLUDE_IN_FRAMEWORK_HEADER = YES;
				CLANG_WARN_RANGE_LOOP_ANALYSIS = YES;
				CLANG_WARN_STRICT_PROTOTYPES = YES;
				CLANG_WARN_SUSPICIOUS_MOVE = YES;
				CLANG_WARN_UNGUARDED_AVAILABILITY = YES_AGGRESSIVE;
				CLANG_WARN_UNREACHABLE_CODE = YES;
				CLANG_WARN__DUPLICATE_METHOD_MATCH = YES;
				COPY_PHASE_STRIP = NO;
				DEBUG_INFORMATION_FORMAT = "dwarf-with-dsym";
				ENABLE_NS_ASSERTIONS = NO;
				ENABLE_STRICT_OBJC_MSGSEND = YES;
				GCC_C_LANGUAGE_STANDARD = gnu11;
				GCC_NO_COMMON_BLOCKS = YES;
				GCC_WARN_64_TO_32_BIT_CONVERSION = YES;
				GCC_WARN_ABOUT_RETURN_TYPE = YES_ERROR;
				GCC_WARN_UNDECLARED_SELECTOR = YES;
				GCC_WARN_UNINITIALIZED_AUTOS = YES_AGGRESSIVE;
				GCC_WARN_UNUSED_FUNCTION = YES;
				GCC_WARN_UNUSED_VARIABLE = YES;
				IPHONEOS_DEPLOYMENT_TARGET = 16.0;
				MTL_ENABLE_DEBUG_INFO = NO;
				MTL_FAST_MATH = YES;
				PRODUCT_NAME = "$(TARGET_NAME)";
				SDKROOT = iphoneos;
				SWIFT_COMPILATION_MODE = wholemodule;
				SWIFT_OPTIMIZATION_LEVEL = "-O";
				SWIFT_VERSION = 5.0;
			};
			name = Release;
		};
		995038217C0961C6C1BE35A9 /* Release */ = {
			isa = XCBuildConfiguration;
			baseConfigurationReference = 55F8993DE320A0B736945575 /* Pods-MyPal.release.xcconfig */;
			buildSettings = {
				ASSETCATALOG_COMPILER_APPICON_NAME = AppIcon;
				CODE_SIGN_ENTITLEMENTS = App/App/MyPal.entitlements;
				CODE_SIGN_IDENTITY = "iPhone Developer";
				DEVELOPMENT_TEAM = GD3A4L3FRU;
				ENABLE_BITCODE = NO;
				INFOPLIST_FILE = App/App/Info.plist;
				INFOPLIST_KEY_CFBundleDisplayName = MyPal;
				LD_RUNPATH_SEARCH_PATHS = (
					"$(inherited)",
					"@executable_path/Frameworks",
				);
				PRODUCT_BUNDLE_IDENTIFIER = com.finclip.chatkit.mypal;
				PRODUCT_NAME = MyPal;
				SDKROOT = iphoneos;
				TARGETED_DEVICE_FAMILY = "1,2";
			};
			name = Release;
		};
/* End XCBuildConfiguration section */

/* Begin XCConfigurationList section */
		619F5B735C62BB300BD1F974 /* Build configuration list for PBXProject "MyPal" */ = {
			isa = XCConfigurationList;
			buildConfigurations = (
				87EA191ADB26EAFE04626553 /* Debug */,
				985F3E6386D3FA9D1AD870D4 /* Release */,
			);
			defaultConfigurationIsVisible = 0;
			defaultConfigurationName = Debug;
		};
		6CE17E596ED4B480A3204482 /* Build configuration list for PBXNativeTarget "MyPal" */ = {
			isa = XCConfigurationList;
			buildConfigurations = (
				27ACF160472F2960CDCD7C83 /* Debug */,
				995038217C0961C6C1BE35A9 /* Release */,
			);
			defaultConfigurationIsVisible = 0;
			defaultConfigurationName = Debug;
		};
/* End XCConfigurationList section */

/* Begin XCRemoteSwiftPackageReference section */
		CA33BBBEA5CAEBBF0D41DE9A /* XCRemoteSwiftPackageReference "finclip-chatkit" */ = {
			isa = XCRemoteSwiftPackageReference;
			repositoryURL = "https://github.com/Geeksfino/finclip-chatkit.git";
			requirement = {
				kind = upToNextMajorVersion;
				minimumVersion = 0.7.4;
			};
		};
		D581C642B97378FB1B00552F /* XCRemoteSwiftPackageReference "finclip-neuron" */ = {
			isa = XCRemoteSwiftPackageReference;
			repositoryURL = "https://github.com/Geeksfino/finclip-neuron.git";
			requirement = {
				branch = "main-swift6_0";
				kind = branch;
			};
		};
/* End XCRemoteSwiftPackageReference section */

/* Begin XCSwiftPackageProductDependency section */
		1D356B91FC0A5230281016CE /* FinClipChatKit */ = {
			isa = XCSwiftPackageProductDependency;
			package = CA33BBBEA5CAEBBF0D41DE9A /* XCRemoteSwiftPackageReference "finclip-chatkit" */;
			productName = FinClipChatKit;
		};
		1E38C3386DA0E4851F403BF6 /* ConvoUI */ = {
			isa = XCSwiftPackageProductDependency;
			package = D581C642B97378FB1B00552F /* XCRemoteSwiftPackageReference "finclip-neuron" */;
			productName = ConvoUI;
		};
		32E969BCC67C4DC88C561E1B /* SandboxSDK */ = {
			isa = XCSwiftPackageProductDependency;
			package = D581C642B97378FB1B00552F /* XCRemoteSwiftPackageReference "finclip-neuron" */;
			productName = SandboxSDK;
		};
		3B68D7F26B74B803296C07D5 /* convstorelib */ = {
			isa = XCSwiftPackageProductDependency;
			package = D581C642B97378FB1B00552F /* XCRemoteSwiftPackageReference "finclip-neuron" */;
			productName = convstorelib;
		};
		AF674C6E1BD3D63486AC1D63 /* NeuronKit */ = {
			isa = XCSwiftPackageProductDependency;
			package = D581C642B97378FB1B00552F /* XCRemoteSwiftPackageReference "finclip-neuron" */;
			productName = NeuronKit;
		};
/* End XCSwiftPackageProductDependency section */
	};
	rootObject = 31046E405C4635F7DD63A812 /* Project object */;
}
